// !$*UTF8*$!
{
	archiveVersion = 1;
	classes = {
	};
	objectVersion = 56;
	objects = {

/* Begin PBXBuildFile section */
		03E6D1E52A53219600F4453C /* AppDelegate.swift in Sources */ = {isa = PBXBuildFile; fileRef = 03E6D1E42A53219600F4453C /* AppDelegate.swift */; };
		03E6D1E72A53219600F4453C /* SceneDelegate.swift in Sources */ = {isa = PBXBuildFile; fileRef = 03E6D1E62A53219600F4453C /* SceneDelegate.swift */; };
		03E6D1E92A53219600F4453C /* ViewController.swift in Sources */ = {isa = PBXBuildFile; fileRef = 03E6D1E82A53219600F4453C /* ViewController.swift */; };
		03E6D1EE2A53219800F4453C /* Assets.xcassets in Resources */ = {isa = PBXBuildFile; fileRef = 03E6D1ED2A53219800F4453C /* Assets.xcassets */; };
		03E6D1F12A53219800F4453C /* LaunchScreen.storyboard in Resources */ = {isa = PBXBuildFile; fileRef = 03E6D1EF2A53219800F4453C /* LaunchScreen.storyboard */; };
		03E6D2002A5325F200F4453C /* Model.swift in Sources */ = {isa = PBXBuildFile; fileRef = 03E6D1FF2A5325F100F4453C /* Model.swift */; };
		03E6D2052A5326D400F4453C /* DTO.swift in Sources */ = {isa = PBXBuildFile; fileRef = 03E6D2042A5326D400F4453C /* DTO.swift */; };
		03E6D2072A5326DD00F4453C /* APIService.swift in Sources */ = {isa = PBXBuildFile; fileRef = 03E6D2062A5326DD00F4453C /* APIService.swift */; };
/* End PBXBuildFile section */

/* Begin PBXFileReference section */
		03E6D1E12A53219600F4453C /* Puzzling-iOS.app */ = {isa = PBXFileReference; explicitFileType = wrapper.application; includeInIndex = 0; path = "Puzzling-iOS.app"; sourceTree = BUILT_PRODUCTS_DIR; };
		03E6D1E42A53219600F4453C /* AppDelegate.swift */ = {isa = PBXFileReference; lastKnownFileType = sourcecode.swift; path = AppDelegate.swift; sourceTree = "<group>"; };
		03E6D1E62A53219600F4453C /* SceneDelegate.swift */ = {isa = PBXFileReference; lastKnownFileType = sourcecode.swift; path = SceneDelegate.swift; sourceTree = "<group>"; };
		03E6D1E82A53219600F4453C /* ViewController.swift */ = {isa = PBXFileReference; lastKnownFileType = sourcecode.swift; path = ViewController.swift; sourceTree = "<group>"; };
		03E6D1ED2A53219800F4453C /* Assets.xcassets */ = {isa = PBXFileReference; lastKnownFileType = folder.assetcatalog; path = Assets.xcassets; sourceTree = "<group>"; };
		03E6D1F02A53219800F4453C /* Base */ = {isa = PBXFileReference; lastKnownFileType = file.storyboard; name = Base; path = Base.lproj/LaunchScreen.storyboard; sourceTree = "<group>"; };
		03E6D1F22A53219800F4453C /* Info.plist */ = {isa = PBXFileReference; lastKnownFileType = text.plist.xml; path = Info.plist; sourceTree = "<group>"; };
		03E6D1FF2A5325F100F4453C /* Model.swift */ = {isa = PBXFileReference; lastKnownFileType = sourcecode.swift; path = Model.swift; sourceTree = "<group>"; };
		03E6D2042A5326D400F4453C /* DTO.swift */ = {isa = PBXFileReference; lastKnownFileType = sourcecode.swift; path = DTO.swift; sourceTree = "<group>"; };
		03E6D2062A5326DD00F4453C /* APIService.swift */ = {isa = PBXFileReference; lastKnownFileType = sourcecode.swift; path = APIService.swift; sourceTree = "<group>"; };
/* End PBXFileReference section */

/* Begin PBXFrameworksBuildPhase section */
		03E6D1DE2A53219600F4453C /* Frameworks */ = {
			isa = PBXFrameworksBuildPhase;
			buildActionMask = 2147483647;
			files = (
			);
			runOnlyForDeploymentPostprocessing = 0;
		};
/* End PBXFrameworksBuildPhase section */

/* Begin PBXGroup section */
		03E6D1D82A53219600F4453C = {
			isa = PBXGroup;
			children = (
				03E6D1E32A53219600F4453C /* Puzzling-iOS */,
				03E6D1E22A53219600F4453C /* Products */,
			);
			sourceTree = "<group>";
		};
		03E6D1E22A53219600F4453C /* Products */ = {
			isa = PBXGroup;
			children = (
				03E6D1E12A53219600F4453C /* Puzzling-iOS.app */,
			);
			name = Products;
			sourceTree = "<group>";
		};
		03E6D1E32A53219600F4453C /* Puzzling-iOS */ = {
			isa = PBXGroup;
			children = (
				03E6D1F82A53257B00F4453C /* Application */,
				03E6D1F92A53259300F4453C /* Data */,
				03E6D2012A53260C00F4453C /* Network */,
				03E6D20D2A5327BA00F4453C /* Presentation */,
				03E6D2142A53285700F4453C /* Resource */,
				03E6D2182A53298400F4453C /* Util */,
			);
			path = "Puzzling-iOS";
			sourceTree = "<group>";
		};
		03E6D1F82A53257B00F4453C /* Application */ = {
			isa = PBXGroup;
			children = (
				03E6D1F22A53219800F4453C /* Info.plist */,
				03E6D1E42A53219600F4453C /* AppDelegate.swift */,
				03E6D1E62A53219600F4453C /* SceneDelegate.swift */,
			);
			path = Application;
			sourceTree = "<group>";
		};
		03E6D1F92A53259300F4453C /* Data */ = {
			isa = PBXGroup;
			children = (
				03E6D1FA2A5325A200F4453C /* DTO */,
				03E6D1FB2A5325A900F4453C /* Model */,
			);
			path = Data;
			sourceTree = "<group>";
		};
		03E6D1FA2A5325A200F4453C /* DTO */ = {
			isa = PBXGroup;
			children = (
				03E6D2042A5326D400F4453C /* DTO.swift */,
			);
			path = DTO;
			sourceTree = "<group>";
		};
		03E6D1FB2A5325A900F4453C /* Model */ = {
			isa = PBXGroup;
			children = (
				03E6D1FF2A5325F100F4453C /* Model.swift */,
			);
			path = Model;
			sourceTree = "<group>";
		};
		03E6D2012A53260C00F4453C /* Network */ = {
			isa = PBXGroup;
			children = (
				03E6D2022A53263600F4453C /* APIService */,
				03E6D2082A53274500F4453C /* Foundation */,
			);
			path = Network;
			sourceTree = "<group>";
		};
		03E6D2022A53263600F4453C /* APIService */ = {
			isa = PBXGroup;
			children = (
				03E6D2062A5326DD00F4453C /* APIService.swift */,
			);
			path = APIService;
			sourceTree = "<group>";
		};
		03E6D2082A53274500F4453C /* Foundation */ = {
			isa = PBXGroup;
			children = (
			);
			path = Foundation;
			sourceTree = "<group>";
		};
		03E6D20D2A5327BA00F4453C /* Presentation */ = {
			isa = PBXGroup;
			children = (
				03E6D20E2A5327D300F4453C /* Common */,
				03E6D20F2A5327E600F4453C /* Home */,
			);
			path = Presentation;
			sourceTree = "<group>";
		};
		03E6D20E2A5327D300F4453C /* Common */ = {
			isa = PBXGroup;
			children = (
				03E6D2122A53281900F4453C /* Base */,
			);
			path = Common;
			sourceTree = "<group>";
		};
		03E6D20F2A5327E600F4453C /* Home */ = {
			isa = PBXGroup;
			children = (
				03E6D1E82A53219600F4453C /* ViewController.swift */,
			);
			path = Home;
			sourceTree = "<group>";
		};
		03E6D2112A53281200F4453C /* View */ = {
			isa = PBXGroup;
			children = (
			);
			path = View;
			sourceTree = "<group>";
		};
		03E6D2122A53281900F4453C /* Base */ = {
			isa = PBXGroup;
			children = (
				03E6D2112A53281200F4453C /* View */,
				03E6D2132A53283400F4453C /* ViewController */,
			);
			path = Base;
			sourceTree = "<group>";
		};
		03E6D2132A53283400F4453C /* ViewController */ = {
			isa = PBXGroup;
			children = (
			);
			path = ViewController;
			sourceTree = "<group>";
		};
		03E6D2142A53285700F4453C /* Resource */ = {
			isa = PBXGroup;
			children = (
				03E6D2152A53286C00F4453C /* AssetCatalog */,
				03E6D2162A53288500F4453C /* Font */,
				03E6D1EF2A53219800F4453C /* LaunchScreen.storyboard */,
			);
			path = Resource;
			sourceTree = "<group>";
		};
		03E6D2152A53286C00F4453C /* AssetCatalog */ = {
			isa = PBXGroup;
			children = (
				03E6D1ED2A53219800F4453C /* Assets.xcassets */,
			);
			path = AssetCatalog;
			sourceTree = "<group>";
		};
		03E6D2162A53288500F4453C /* Font */ = {
			isa = PBXGroup;
			children = (
			);
			path = Font;
			sourceTree = "<group>";
		};
		03E6D2182A53298400F4453C /* Util */ = {
			isa = PBXGroup;
			children = (
				03E6D2192A53299E00F4453C /* CustomClass */,
				03E6D21A2A5329AE00F4453C /* Extension */,
				03E6D21B2A5329B500F4453C /* NameSpace */,
				03E6D21C2A5329C100F4453C /* StyleGuide */,
			);
			path = Util;
			sourceTree = "<group>";
		};
		03E6D2192A53299E00F4453C /* CustomClass */ = {
			isa = PBXGroup;
			children = (
			);
			path = CustomClass;
			sourceTree = "<group>";
		};
		03E6D21A2A5329AE00F4453C /* Extension */ = {
			isa = PBXGroup;
			children = (
			);
			path = Extension;
			sourceTree = "<group>";
		};
		03E6D21B2A5329B500F4453C /* NameSpace */ = {
			isa = PBXGroup;
			children = (
			);
			path = NameSpace;
			sourceTree = "<group>";
		};
		03E6D21C2A5329C100F4453C /* StyleGuide */ = {
			isa = PBXGroup;
			children = (
			);
			path = StyleGuide;
			sourceTree = "<group>";
		};
/* End PBXGroup section */

/* Begin PBXNativeTarget section */
		03E6D1E02A53219600F4453C /* Puzzling-iOS */ = {
			isa = PBXNativeTarget;
			buildConfigurationList = 03E6D1F52A53219800F4453C /* Build configuration list for PBXNativeTarget "Puzzling-iOS" */;
			buildPhases = (
				03E6D1DD2A53219600F4453C /* Sources */,
				03E6D1DE2A53219600F4453C /* Frameworks */,
				03E6D1DF2A53219600F4453C /* Resources */,
			);
			buildRules = (
			);
			dependencies = (
			);
			name = "Puzzling-iOS";
			productName = "Puzzling-iOS";
			productReference = 03E6D1E12A53219600F4453C /* Puzzling-iOS.app */;
			productType = "com.apple.product-type.application";
		};
/* End PBXNativeTarget section */

/* Begin PBXProject section */
		03E6D1D92A53219600F4453C /* Project object */ = {
			isa = PBXProject;
			attributes = {
				BuildIndependentTargetsInParallel = 1;
				LastSwiftUpdateCheck = 1430;
				LastUpgradeCheck = 1430;
				TargetAttributes = {
					03E6D1E02A53219600F4453C = {
						CreatedOnToolsVersion = 14.3.1;
					};
				};
			};
			buildConfigurationList = 03E6D1DC2A53219600F4453C /* Build configuration list for PBXProject "Puzzling-iOS" */;
			compatibilityVersion = "Xcode 14.0";
			developmentRegion = en;
			hasScannedForEncodings = 0;
			knownRegions = (
				en,
				Base,
			);
			mainGroup = 03E6D1D82A53219600F4453C;
			productRefGroup = 03E6D1E22A53219600F4453C /* Products */;
			projectDirPath = "";
			projectRoot = "";
			targets = (
				03E6D1E02A53219600F4453C /* Puzzling-iOS */,
			);
		};
/* End PBXProject section */

/* Begin PBXResourcesBuildPhase section */
		03E6D1DF2A53219600F4453C /* Resources */ = {
			isa = PBXResourcesBuildPhase;
			buildActionMask = 2147483647;
			files = (
				03E6D1F12A53219800F4453C /* LaunchScreen.storyboard in Resources */,
				03E6D1EE2A53219800F4453C /* Assets.xcassets in Resources */,
			);
			runOnlyForDeploymentPostprocessing = 0;
		};
/* End PBXResourcesBuildPhase section */

/* Begin PBXSourcesBuildPhase section */
		03E6D1DD2A53219600F4453C /* Sources */ = {
			isa = PBXSourcesBuildPhase;
			buildActionMask = 2147483647;
			files = (
				03E6D2002A5325F200F4453C /* Model.swift in Sources */,
				03E6D1E92A53219600F4453C /* ViewController.swift in Sources */,
				03E6D1E52A53219600F4453C /* AppDelegate.swift in Sources */,
				03E6D1E72A53219600F4453C /* SceneDelegate.swift in Sources */,
				03E6D2072A5326DD00F4453C /* APIService.swift in Sources */,
				03E6D2052A5326D400F4453C /* DTO.swift in Sources */,
			);
			runOnlyForDeploymentPostprocessing = 0;
		};
/* End PBXSourcesBuildPhase section */

/* Begin PBXVariantGroup section */
		03E6D1EF2A53219800F4453C /* LaunchScreen.storyboard */ = {
			isa = PBXVariantGroup;
			children = (
				03E6D1F02A53219800F4453C /* Base */,
			);
			name = LaunchScreen.storyboard;
			sourceTree = "<group>";
		};
/* End PBXVariantGroup section */

/* Begin XCBuildConfiguration section */
		03E6D1F32A53219800F4453C /* Debug */ = {
			isa = XCBuildConfiguration;
			buildSettings = {
				ALWAYS_SEARCH_USER_PATHS = NO;
				CLANG_ANALYZER_NONNULL = YES;
				CLANG_ANALYZER_NUMBER_OBJECT_CONVERSION = YES_AGGRESSIVE;
				CLANG_CXX_LANGUAGE_STANDARD = "gnu++20";
				CLANG_ENABLE_MODULES = YES;
				CLANG_ENABLE_OBJC_ARC = YES;
				CLANG_ENABLE_OBJC_WEAK = YES;
				CLANG_WARN_BLOCK_CAPTURE_AUTORELEASING = YES;
				CLANG_WARN_BOOL_CONVERSION = YES;
				CLANG_WARN_COMMA = YES;
				CLANG_WARN_CONSTANT_CONVERSION = YES;
				CLANG_WARN_DEPRECATED_OBJC_IMPLEMENTATIONS = YES;
				CLANG_WARN_DIRECT_OBJC_ISA_USAGE = YES_ERROR;
				CLANG_WARN_DOCUMENTATION_COMMENTS = YES;
				CLANG_WARN_EMPTY_BODY = YES;
				CLANG_WARN_ENUM_CONVERSION = YES;
				CLANG_WARN_INFINITE_RECURSION = YES;
				CLANG_WARN_INT_CONVERSION = YES;
				CLANG_WARN_NON_LITERAL_NULL_CONVERSION = YES;
				CLANG_WARN_OBJC_IMPLICIT_RETAIN_SELF = YES;
				CLANG_WARN_OBJC_LITERAL_CONVERSION = YES;
				CLANG_WARN_OBJC_ROOT_CLASS = YES_ERROR;
				CLANG_WARN_QUOTED_INCLUDE_IN_FRAMEWORK_HEADER = YES;
				CLANG_WARN_RANGE_LOOP_ANALYSIS = YES;
				CLANG_WARN_STRICT_PROTOTYPES = YES;
				CLANG_WARN_SUSPICIOUS_MOVE = YES;
				CLANG_WARN_UNGUARDED_AVAILABILITY = YES_AGGRESSIVE;
				CLANG_WARN_UNREACHABLE_CODE = YES;
				CLANG_WARN__DUPLICATE_METHOD_MATCH = YES;
				COPY_PHASE_STRIP = NO;
				DEBUG_INFORMATION_FORMAT = dwarf;
				ENABLE_STRICT_OBJC_MSGSEND = YES;
				ENABLE_TESTABILITY = YES;
				GCC_C_LANGUAGE_STANDARD = gnu11;
				GCC_DYNAMIC_NO_PIC = NO;
				GCC_NO_COMMON_BLOCKS = YES;
				GCC_OPTIMIZATION_LEVEL = 0;
				GCC_PREPROCESSOR_DEFINITIONS = (
					"DEBUG=1",
					"$(inherited)",
				);
				GCC_WARN_64_TO_32_BIT_CONVERSION = YES;
				GCC_WARN_ABOUT_RETURN_TYPE = YES_ERROR;
				GCC_WARN_UNDECLARED_SELECTOR = YES;
				GCC_WARN_UNINITIALIZED_AUTOS = YES_AGGRESSIVE;
				GCC_WARN_UNUSED_FUNCTION = YES;
				GCC_WARN_UNUSED_VARIABLE = YES;
				IPHONEOS_DEPLOYMENT_TARGET = 16.4;
				MTL_ENABLE_DEBUG_INFO = INCLUDE_SOURCE;
				MTL_FAST_MATH = YES;
				ONLY_ACTIVE_ARCH = YES;
				SDKROOT = iphoneos;
				SWIFT_ACTIVE_COMPILATION_CONDITIONS = DEBUG;
				SWIFT_OPTIMIZATION_LEVEL = "-Onone";
			};
			name = Debug;
		};
		03E6D1F42A53219800F4453C /* Release */ = {
			isa = XCBuildConfiguration;
			buildSettings = {
				ALWAYS_SEARCH_USER_PATHS = NO;
				CLANG_ANALYZER_NONNULL = YES;
				CLANG_ANALYZER_NUMBER_OBJECT_CONVERSION = YES_AGGRESSIVE;
				CLANG_CXX_LANGUAGE_STANDARD = "gnu++20";
				CLANG_ENABLE_MODULES = YES;
				CLANG_ENABLE_OBJC_ARC = YES;
				CLANG_ENABLE_OBJC_WEAK = YES;
				CLANG_WARN_BLOCK_CAPTURE_AUTORELEASING = YES;
				CLANG_WARN_BOOL_CONVERSION = YES;
				CLANG_WARN_COMMA = YES;
				CLANG_WARN_CONSTANT_CONVERSION = YES;
				CLANG_WARN_DEPRECATED_OBJC_IMPLEMENTATIONS = YES;
				CLANG_WARN_DIRECT_OBJC_ISA_USAGE = YES_ERROR;
				CLANG_WARN_DOCUMENTATION_COMMENTS = YES;
				CLANG_WARN_EMPTY_BODY = YES;
				CLANG_WARN_ENUM_CONVERSION = YES;
				CLANG_WARN_INFINITE_RECURSION = YES;
				CLANG_WARN_INT_CONVERSION = YES;
				CLANG_WARN_NON_LITERAL_NULL_CONVERSION = YES;
				CLANG_WARN_OBJC_IMPLICIT_RETAIN_SELF = YES;
				CLANG_WARN_OBJC_LITERAL_CONVERSION = YES;
				CLANG_WARN_OBJC_ROOT_CLASS = YES_ERROR;
				CLANG_WARN_QUOTED_INCLUDE_IN_FRAMEWORK_HEADER = YES;
				CLANG_WARN_RANGE_LOOP_ANALYSIS = YES;
				CLANG_WARN_STRICT_PROTOTYPES = YES;
				CLANG_WARN_SUSPICIOUS_MOVE = YES;
				CLANG_WARN_UNGUARDED_AVAILABILITY = YES_AGGRESSIVE;
				CLANG_WARN_UNREACHABLE_CODE = YES;
				CLANG_WARN__DUPLICATE_METHOD_MATCH = YES;
				COPY_PHASE_STRIP = NO;
				DEBUG_INFORMATION_FORMAT = "dwarf-with-dsym";
				ENABLE_NS_ASSERTIONS = NO;
				ENABLE_STRICT_OBJC_MSGSEND = YES;
				GCC_C_LANGUAGE_STANDARD = gnu11;
				GCC_NO_COMMON_BLOCKS = YES;
				GCC_WARN_64_TO_32_BIT_CONVERSION = YES;
				GCC_WARN_ABOUT_RETURN_TYPE = YES_ERROR;
				GCC_WARN_UNDECLARED_SELECTOR = YES;
				GCC_WARN_UNINITIALIZED_AUTOS = YES_AGGRESSIVE;
				GCC_WARN_UNUSED_FUNCTION = YES;
				GCC_WARN_UNUSED_VARIABLE = YES;
				IPHONEOS_DEPLOYMENT_TARGET = 16.4;
				MTL_ENABLE_DEBUG_INFO = NO;
				MTL_FAST_MATH = YES;
				SDKROOT = iphoneos;
				SWIFT_COMPILATION_MODE = wholemodule;
				SWIFT_OPTIMIZATION_LEVEL = "-O";
				VALIDATE_PRODUCT = YES;
			};
			name = Release;
		};
		03E6D1F62A53219800F4453C /* Debug */ = {
			isa = XCBuildConfiguration;
			buildSettings = {
				ASSETCATALOG_COMPILER_APPICON_NAME = AppIcon;
				ASSETCATALOG_COMPILER_GLOBAL_ACCENT_COLOR_NAME = AccentColor;
				CODE_SIGN_STYLE = Automatic;
				CURRENT_PROJECT_VERSION = 1;
				DEVELOPMENT_TEAM = DGT9BQA4KH;
				GENERATE_INFOPLIST_FILE = YES;
				INFOPLIST_FILE = "Puzzling-iOS/Application/Info.plist";
				INFOPLIST_KEY_UIApplicationSupportsIndirectInputEvents = YES;
				INFOPLIST_KEY_UILaunchStoryboardName = "";
				INFOPLIST_KEY_UISupportedInterfaceOrientations_iPad = "UIInterfaceOrientationPortrait UIInterfaceOrientationPortraitUpsideDown UIInterfaceOrientationLandscapeLeft UIInterfaceOrientationLandscapeRight";
				INFOPLIST_KEY_UISupportedInterfaceOrientations_iPhone = "UIInterfaceOrientationPortrait UIInterfaceOrientationLandscapeLeft UIInterfaceOrientationLandscapeRight";
				IPHONEOS_DEPLOYMENT_TARGET = 16.0;
				LD_RUNPATH_SEARCH_PATHS = (
					"$(inherited)",
					"@executable_path/Frameworks",
				);
				MARKETING_VERSION = 1.0;
				PRODUCT_BUNDLE_IDENTIFIER = "kwonjeong.Puzzling-iOS";
				PRODUCT_NAME = "$(TARGET_NAME)";
				SWIFT_EMIT_LOC_STRINGS = YES;
				SWIFT_VERSION = 5.0;
				TARGETED_DEVICE_FAMILY = "1,2";
			};
			name = Debug;
		};
		03E6D1F72A53219800F4453C /* Release */ = {
			isa = XCBuildConfiguration;
			buildSettings = {
				ASSETCATALOG_COMPILER_APPICON_NAME = AppIcon;
				ASSETCATALOG_COMPILER_GLOBAL_ACCENT_COLOR_NAME = AccentColor;
				CODE_SIGN_STYLE = Automatic;
				CURRENT_PROJECT_VERSION = 1;
				DEVELOPMENT_TEAM = DGT9BQA4KH;
				GENERATE_INFOPLIST_FILE = YES;
				INFOPLIST_FILE = "Puzzling-iOS/Application/Info.plist";
				INFOPLIST_KEY_UIApplicationSupportsIndirectInputEvents = YES;
				INFOPLIST_KEY_UILaunchStoryboardName = "";
				INFOPLIST_KEY_UISupportedInterfaceOrientations_iPad = "UIInterfaceOrientationPortrait UIInterfaceOrientationPortraitUpsideDown UIInterfaceOrientationLandscapeLeft UIInterfaceOrientationLandscapeRight";
				INFOPLIST_KEY_UISupportedInterfaceOrientations_iPhone = "UIInterfaceOrientationPortrait UIInterfaceOrientationLandscapeLeft UIInterfaceOrientationLandscapeRight";
				IPHONEOS_DEPLOYMENT_TARGET = 16.0;
				LD_RUNPATH_SEARCH_PATHS = (
					"$(inherited)",
					"@executable_path/Frameworks",
				);
				MARKETING_VERSION = 1.0;
				PRODUCT_BUNDLE_IDENTIFIER = "kwonjeong.Puzzling-iOS";
				PRODUCT_NAME = "$(TARGET_NAME)";
				SWIFT_EMIT_LOC_STRINGS = YES;
				SWIFT_VERSION = 5.0;
				TARGETED_DEVICE_FAMILY = "1,2";
			};
			name = Release;
		};
/* End XCBuildConfiguration section */

/* Begin XCConfigurationList section */
		03E6D1DC2A53219600F4453C /* Build configuration list for PBXProject "Puzzling-iOS" */ = {
			isa = XCConfigurationList;
			buildConfigurations = (
				03E6D1F32A53219800F4453C /* Debug */,
				03E6D1F42A53219800F4453C /* Release */,
			);
			defaultConfigurationIsVisible = 0;
			defaultConfigurationName = Release;
		};
		03E6D1F52A53219800F4453C /* Build configuration list for PBXNativeTarget "Puzzling-iOS" */ = {
			isa = XCConfigurationList;
			buildConfigurations = (
				03E6D1F62A53219800F4453C /* Debug */,
				03E6D1F72A53219800F4453C /* Release */,
			);
			defaultConfigurationIsVisible = 0;
			defaultConfigurationName = Release;
		};
/* End XCConfigurationList section */
	};
	rootObject = 03E6D1D92A53219600F4453C /* Project object */;
}
