// !$*UTF8*$!
{
	archiveVersion = 1;
	classes = {
	};
	objectVersion = 56;
	objects = {

/* Begin PBXBuildFile section */
		0351AB3C2A605A7D006B0F4C /* ProjectStartTimeViewController.swift in Sources */ = {isa = PBXBuildFile; fileRef = 0351AB3B2A605A7D006B0F4C /* ProjectStartTimeViewController.swift */; };
		0351AB3E2A619F04006B0F4C /* textFieldNotificationModel.swift in Sources */ = {isa = PBXBuildFile; fileRef = 0351AB3D2A619F04006B0F4C /* textFieldNotificationModel.swift */; };
		0351AB402A630EE6006B0F4C /* UIResponder+.swift in Sources */ = {isa = PBXBuildFile; fileRef = 0351AB3F2A630EE6006B0F4C /* UIResponder+.swift */; };
		0351AB422A6323A8006B0F4C /* CustomAlertView.swift in Sources */ = {isa = PBXBuildFile; fileRef = 0351AB412A6323A8006B0F4C /* CustomAlertView.swift */; };
		0351AB462A645BBF006B0F4C /* InvitationCodeViewController.swift in Sources */ = {isa = PBXBuildFile; fileRef = 0351AB452A645BBF006B0F4C /* InvitationCodeViewController.swift */; };
		0351AB482A6497C3006B0F4C /* CreateProfileViewController.swift in Sources */ = {isa = PBXBuildFile; fileRef = 0351AB472A6497C3006B0F4C /* CreateProfileViewController.swift */; };
		0351AB4A2A652F0B006B0F4C /* InvitationCodeTestViewController.swift in Sources */ = {isa = PBXBuildFile; fileRef = 0351AB492A652F0B006B0F4C /* InvitationCodeTestViewController.swift */; };
		03734EB82A59A0BD00B401D6 /* TabBarController.swift in Sources */ = {isa = PBXBuildFile; fileRef = 03734EB72A59A0BD00B401D6 /* TabBarController.swift */; };
		03734EBD2A59A1F800B401D6 /* TabBarItem.swift in Sources */ = {isa = PBXBuildFile; fileRef = 03734EBC2A59A1F800B401D6 /* TabBarItem.swift */; };
		03734EBF2A59A26800B401D6 /* MyPageViewController.swift in Sources */ = {isa = PBXBuildFile; fileRef = 03734EBE2A59A26800B401D6 /* MyPageViewController.swift */; };
		03ADF3872A5D9F91002CEDDC /* InputContentView.swift in Sources */ = {isa = PBXBuildFile; fileRef = 03ADF3862A5D9F91002CEDDC /* InputContentView.swift */; };
		03ADF3892A5E7322002CEDDC /* StartDayView.swift in Sources */ = {isa = PBXBuildFile; fileRef = 03ADF3882A5E7322002CEDDC /* StartDayView.swift */; };
		03ADF38D2A5E8A5F002CEDDC /* CreateProjectView.swift in Sources */ = {isa = PBXBuildFile; fileRef = 03ADF38C2A5E8A5F002CEDDC /* CreateProjectView.swift */; };
		03ADF38F2A5E932A002CEDDC /* ProjectCycleCollectionViewCell.swift in Sources */ = {isa = PBXBuildFile; fileRef = 03ADF38E2A5E932A002CEDDC /* ProjectCycleCollectionViewCell.swift */; };
		03ADF3922A5E9534002CEDDC /* ProjectCycleModel.swift in Sources */ = {isa = PBXBuildFile; fileRef = 03ADF3912A5E9534002CEDDC /* ProjectCycleModel.swift */; };
		03ADF3942A5EA4DB002CEDDC /* CheckButton.swift in Sources */ = {isa = PBXBuildFile; fileRef = 03ADF3932A5EA4DB002CEDDC /* CheckButton.swift */; };
		03B004A92A556C7400E71CA7 /* UIWindow+.swift in Sources */ = {isa = PBXBuildFile; fileRef = 03B004A82A556C7400E71CA7 /* UIWindow+.swift */; };
		03E6D1E52A53219600F4453C /* AppDelegate.swift in Sources */ = {isa = PBXBuildFile; fileRef = 03E6D1E42A53219600F4453C /* AppDelegate.swift */; };
		03E6D1E72A53219600F4453C /* SceneDelegate.swift in Sources */ = {isa = PBXBuildFile; fileRef = 03E6D1E62A53219600F4453C /* SceneDelegate.swift */; };
		03E6D1E92A53219600F4453C /* HomeViewController.swift in Sources */ = {isa = PBXBuildFile; fileRef = 03E6D1E82A53219600F4453C /* HomeViewController.swift */; };
		03E6D2002A5325F200F4453C /* Model.swift in Sources */ = {isa = PBXBuildFile; fileRef = 03E6D1FF2A5325F100F4453C /* Model.swift */; };
		03E6D2052A5326D400F4453C /* DTO.swift in Sources */ = {isa = PBXBuildFile; fileRef = 03E6D2042A5326D400F4453C /* DTO.swift */; };
		03E6D2072A5326DD00F4453C /* APIService.swift in Sources */ = {isa = PBXBuildFile; fileRef = 03E6D2062A5326DD00F4453C /* APIService.swift */; };
		03E6D2262A532AAC00F4453C /* BaseView.swift in Sources */ = {isa = PBXBuildFile; fileRef = 03E6D2252A532AAC00F4453C /* BaseView.swift */; };
		03E6D2282A532AB900F4453C /* BaseViewController.swift in Sources */ = {isa = PBXBuildFile; fileRef = 03E6D2272A532AB900F4453C /* BaseViewController.swift */; };
		03E6D23C2A532BC600F4453C /* CustomClass.swift in Sources */ = {isa = PBXBuildFile; fileRef = 03E6D23B2A532BC600F4453C /* CustomClass.swift */; };
		03E6D23E2A532C1800F4453C /* FontLevel.swift in Sources */ = {isa = PBXBuildFile; fileRef = 03E6D23D2A532C1800F4453C /* FontLevel.swift */; };
		03E6D2402A532C2500F4453C /* Color.swift in Sources */ = {isa = PBXBuildFile; fileRef = 03E6D23F2A532C2500F4453C /* Color.swift */; };
		03E6D2422A532C3300F4453C /* Image.swift in Sources */ = {isa = PBXBuildFile; fileRef = 03E6D2412A532C3300F4453C /* Image.swift */; };
		03E6D2442A532C6300F4453C /* Literals.swift in Sources */ = {isa = PBXBuildFile; fileRef = 03E6D2432A532C6300F4453C /* Literals.swift */; };
		03E6D2472A532D5D00F4453C /* Moya in Frameworks */ = {isa = PBXBuildFile; productRef = 03E6D2462A532D5D00F4453C /* Moya */; };
		03E6D24A2A532D6B00F4453C /* Then in Frameworks */ = {isa = PBXBuildFile; productRef = 03E6D2492A532D6B00F4453C /* Then */; };
		03E6D24D2A532D7500F4453C /* SnapKit in Frameworks */ = {isa = PBXBuildFile; productRef = 03E6D24C2A532D7500F4453C /* SnapKit */; };
		03E6D2502A532DC300F4453C /* FSCalendar in Frameworks */ = {isa = PBXBuildFile; productRef = 03E6D24F2A532DC300F4453C /* FSCalendar */; };
		03E6D2532A532FD300F4453C /* Realm in Frameworks */ = {isa = PBXBuildFile; productRef = 03E6D2522A532FD300F4453C /* Realm */; };
		03E6D2552A532FD300F4453C /* RealmSwift in Frameworks */ = {isa = PBXBuildFile; productRef = 03E6D2542A532FD300F4453C /* RealmSwift */; };
		03E6D2582A53303800F4453C /* KakaoSDK in Frameworks */ = {isa = PBXBuildFile; productRef = 03E6D2572A53303800F4453C /* KakaoSDK */; };
		03E6D25A2A5331ED00F4453C /* APIConst.swift in Sources */ = {isa = PBXBuildFile; fileRef = 03E6D2592A5331ED00F4453C /* APIConst.swift */; };
		03E6D25C2A5331FF00F4453C /* GeneralResponse.swift in Sources */ = {isa = PBXBuildFile; fileRef = 03E6D25B2A5331FF00F4453C /* GeneralResponse.swift */; };
		03E6D25E2A53321000F4453C /* NetworkLoggerPlugin.swift in Sources */ = {isa = PBXBuildFile; fileRef = 03E6D25D2A53321000F4453C /* NetworkLoggerPlugin.swift */; };
		03E6D2602A53322300F4453C /* URLConst.swift in Sources */ = {isa = PBXBuildFile; fileRef = 03E6D25F2A53322300F4453C /* URLConst.swift */; };
		03E6D2622A5332F700F4453C /* Encodable+.swift in Sources */ = {isa = PBXBuildFile; fileRef = 03E6D2612A5332F700F4453C /* Encodable+.swift */; };
		03E6D2642A53330E00F4453C /* NSObject+.swift in Sources */ = {isa = PBXBuildFile; fileRef = 03E6D2632A53330E00F4453C /* NSObject+.swift */; };
		03E6D2662A53333500F4453C /* UIView+.swift in Sources */ = {isa = PBXBuildFile; fileRef = 03E6D2652A53333500F4453C /* UIView+.swift */; };
		03E6D2682A53334A00F4453C /* UITextField+.swift in Sources */ = {isa = PBXBuildFile; fileRef = 03E6D2672A53334A00F4453C /* UITextField+.swift */; };
		03E6D26A2A53335700F4453C /* UIStackView+.swift in Sources */ = {isa = PBXBuildFile; fileRef = 03E6D2692A53335700F4453C /* UIStackView+.swift */; };
		03E6D26C2A53336900F4453C /* UITableView+.swift in Sources */ = {isa = PBXBuildFile; fileRef = 03E6D26B2A53336900F4453C /* UITableView+.swift */; };
		03E6D26E2A53337600F4453C /* UICollectionView+.swift in Sources */ = {isa = PBXBuildFile; fileRef = 03E6D26D2A53337600F4453C /* UICollectionView+.swift */; };
		03E6D2702A53338200F4453C /* String+.swift in Sources */ = {isa = PBXBuildFile; fileRef = 03E6D26F2A53338200F4453C /* String+.swift */; };
		03E6D2722A53339000F4453C /* UIImageView+.swift in Sources */ = {isa = PBXBuildFile; fileRef = 03E6D2712A53339000F4453C /* UIImageView+.swift */; };
		03E6D2742A5333A500F4453C /* UILabel+.swift in Sources */ = {isa = PBXBuildFile; fileRef = 03E6D2732A5333A500F4453C /* UILabel+.swift */; };
		03E6D2762A5333B100F4453C /* UIButton+.swift in Sources */ = {isa = PBXBuildFile; fileRef = 03E6D2752A5333B100F4453C /* UIButton+.swift */; };
		03E6D2782A5333BF00F4453C /* UITabBar+.swift in Sources */ = {isa = PBXBuildFile; fileRef = 03E6D2772A5333BF00F4453C /* UITabBar+.swift */; };
		03E6D27A2A5333C900F4453C /* UIImage+.swift in Sources */ = {isa = PBXBuildFile; fileRef = 03E6D2792A5333C900F4453C /* UIImage+.swift */; };
		03E6D27C2A5333E400F4453C /* UIViewController+.swift in Sources */ = {isa = PBXBuildFile; fileRef = 03E6D27B2A5333E400F4453C /* UIViewController+.swift */; };
		03FFD2CA2A5B15BA00A3B70D /* UIFont+.swift in Sources */ = {isa = PBXBuildFile; fileRef = 03FFD2C92A5B15BA00A3B70D /* UIFont+.swift */; };
		03FFD2CC2A5B175C00A3B70D /* SFProType.swift in Sources */ = {isa = PBXBuildFile; fileRef = 03FFD2CB2A5B175C00A3B70D /* SFProType.swift */; };
		03FFD2CE2A5B1A8B00A3B70D /* AppleSDGothicNeoType.swift in Sources */ = {isa = PBXBuildFile; fileRef = 03FFD2CD2A5B1A8B00A3B70D /* AppleSDGothicNeoType.swift */; };
		03FFD2D92A5D968200A3B70D /* CreateProjectViewController.swift in Sources */ = {isa = PBXBuildFile; fileRef = 03FFD2D82A5D968200A3B70D /* CreateProjectViewController.swift */; };
		096755C62A5E970500A1E691 /* MyProjectViewController.swift in Sources */ = {isa = PBXBuildFile; fileRef = 096755C52A5E970500A1E691 /* MyProjectViewController.swift */; };
		096755CB2A5E9AF500A1E691 /* MyProjectTableViewCell.swift in Sources */ = {isa = PBXBuildFile; fileRef = 096755CA2A5E9AF500A1E691 /* MyProjectTableViewCell.swift */; };
		096755E62A60700E00A1E691 /* MyProjectTableHeaderView.swift in Sources */ = {isa = PBXBuildFile; fileRef = 096755E52A60700E00A1E691 /* MyProjectTableHeaderView.swift */; };
		096755E82A6070DC00A1E691 /* TeamMemberDataModel.swift in Sources */ = {isa = PBXBuildFile; fileRef = 096755E72A6070DC00A1E691 /* TeamMemberDataModel.swift */; };
		096755EA2A60710100A1E691 /* MyProjectDataModel.swift in Sources */ = {isa = PBXBuildFile; fileRef = 096755E92A60710100A1E691 /* MyProjectDataModel.swift */; };
		096755FA2A607A7D00A1E691 /* MyReviewListDataModel.swift in Sources */ = {isa = PBXBuildFile; fileRef = 096755F92A607A7D00A1E691 /* MyReviewListDataModel.swift */; };
		096755FB2A607C5300A1E691 /* Image.xcassets in Resources */ = {isa = PBXBuildFile; fileRef = 03734EB42A599FDB00B401D6 /* Image.xcassets */; };
		096755FC2A607C8600A1E691 /* Assets.xcassets in Resources */ = {isa = PBXBuildFile; fileRef = 03E6D1ED2A53219800F4453C /* Assets.xcassets */; };
		096755FD2A607D1B00A1E691 /* LaunchScreen.storyboard in Resources */ = {isa = PBXBuildFile; fileRef = 03E6D1EF2A53219800F4453C /* LaunchScreen.storyboard */; };
		096755FE2A607D2600A1E691 /* AppleSDGothicNeoH.ttf in Resources */ = {isa = PBXBuildFile; fileRef = 03FFD2D02A5B21D600A3B70D /* AppleSDGothicNeoH.ttf */; };
		096755FF2A607D3A00A1E691 /* SF-Pro-Text-Black.otf in Resources */ = {isa = PBXBuildFile; fileRef = 03E6D22C2A532B9400F4453C /* SF-Pro-Text-Black.otf */; };
		096756002A607D3A00A1E691 /* SF-Pro-Text-Bold.otf in Resources */ = {isa = PBXBuildFile; fileRef = 03E6D22E2A532B9400F4453C /* SF-Pro-Text-Bold.otf */; };
		096756012A607D3A00A1E691 /* SF-Pro-Text-Regular.otf in Resources */ = {isa = PBXBuildFile; fileRef = 03E6D22A2A532B9300F4453C /* SF-Pro-Text-Regular.otf */; };
		096756022A607D4B00A1E691 /* Color.xcassets in Resources */ = {isa = PBXBuildFile; fileRef = 03FFD2D22A5B250800A3B70D /* Color.xcassets */; };
		096756092A61DB5700A1E691 /* ReviewDetailViewController.swift in Sources */ = {isa = PBXBuildFile; fileRef = 096756082A61DB5700A1E691 /* ReviewDetailViewController.swift */; };
		0967560D2A61E08C00A1E691 /* ProjectCalendarView.swift in Sources */ = {isa = PBXBuildFile; fileRef = 0967560C2A61E08C00A1E691 /* ProjectCalendarView.swift */; };
		0967560F2A61E73700A1E691 /* ReviewDetailView.swift in Sources */ = {isa = PBXBuildFile; fileRef = 0967560E2A61E73700A1E691 /* ReviewDetailView.swift */; };
		09C3AD582A65714800CDE00F /* TeamMemberCustomHeaderView.swift in Sources */ = {isa = PBXBuildFile; fileRef = 09C3AD572A65714800CDE00F /* TeamMemberCustomHeaderView.swift */; };
		09C3AD5A2A65715C00CDE00F /* TeamMemberTableViewCell.swift in Sources */ = {isa = PBXBuildFile; fileRef = 09C3AD592A65715C00CDE00F /* TeamMemberTableViewCell.swift */; };
		09C3AD5C2A65717500CDE00F /* TeamMemberView.swift in Sources */ = {isa = PBXBuildFile; fileRef = 09C3AD5B2A65717500CDE00F /* TeamMemberView.swift */; };
		09C3AD5E2A65719100CDE00F /* TeamMemberViewController.swift in Sources */ = {isa = PBXBuildFile; fileRef = 09C3AD5D2A65719100CDE00F /* TeamMemberViewController.swift */; };
		251C00D52A5D205300F6838C /* CustomRadioButton.swift in Sources */ = {isa = PBXBuildFile; fileRef = 251C00D42A5D205300F6838C /* CustomRadioButton.swift */; };
		583117A12A5B71920099B517 /* TeamDashboardViewController.swift in Sources */ = {isa = PBXBuildFile; fileRef = 583117A02A5B71920099B517 /* TeamDashboardViewController.swift */; };
		583117A32A5B71A00099B517 /* IndivisualDashboardViewController.swift in Sources */ = {isa = PBXBuildFile; fileRef = 583117A22A5B71A00099B517 /* IndivisualDashboardViewController.swift */; };
		583117A82A5BE1490099B517 /* HomeTitleBarView.swift in Sources */ = {isa = PBXBuildFile; fileRef = 583117A72A5BE1490099B517 /* HomeTitleBarView.swift */; };
		583117AA2A5BE2D90099B517 /* HomeSegmentedView.swift in Sources */ = {isa = PBXBuildFile; fileRef = 583117A92A5BE2D90099B517 /* HomeSegmentedView.swift */; };
		588AA06C2A5E77EF0017CB1E /* ActionPlanView.swift in Sources */ = {isa = PBXBuildFile; fileRef = 588AA06B2A5E77EF0017CB1E /* ActionPlanView.swift */; };
		588AA06F2A5E7F820017CB1E /* ActionPlanCollectionViewCell.swift in Sources */ = {isa = PBXBuildFile; fileRef = 588AA06E2A5E7F820017CB1E /* ActionPlanCollectionViewCell.swift */; };
		588AA0732A5ECDE70017CB1E /* IndivisualDashboardModel.swift in Sources */ = {isa = PBXBuildFile; fileRef = 588AA0722A5ECDE70017CB1E /* IndivisualDashboardModel.swift */; };
		588AA0752A5ECDF10017CB1E /* TeamDashboardModel.swift in Sources */ = {isa = PBXBuildFile; fileRef = 588AA0742A5ECDF10017CB1E /* TeamDashboardModel.swift */; };
		588AA0792A5EF4930017CB1E /* HomeMainButton.swift in Sources */ = {isa = PBXBuildFile; fileRef = 588AA0782A5EF4930017CB1E /* HomeMainButton.swift */; };
		58DC6A6B2A616A2E0039242C /* TeamDashboardRankView.swift in Sources */ = {isa = PBXBuildFile; fileRef = 58DC6A6A2A616A2E0039242C /* TeamDashboardRankView.swift */; };
		58DC6A6D2A61708D0039242C /* TeamRankPodiumView.swift in Sources */ = {isa = PBXBuildFile; fileRef = 58DC6A6C2A61708D0039242C /* TeamRankPodiumView.swift */; };
		58EDAF932A5DD25D004EF5D3 /* DashboardMainBoxView.swift in Sources */ = {isa = PBXBuildFile; fileRef = 58EDAF922A5DD25D004EF5D3 /* DashboardMainBoxView.swift */; };
		58EDAF952A5DDA04004EF5D3 /* IndivisualCardButtonView.swift in Sources */ = {isa = PBXBuildFile; fileRef = 58EDAF942A5DDA04004EF5D3 /* IndivisualCardButtonView.swift */; };
		9B1CA9782A62ADFD00CB81AC /* ReviewDetailEmptyView.swift in Sources */ = {isa = PBXBuildFile; fileRef = 9B1CA9772A62ADFD00CB81AC /* ReviewDetailEmptyView.swift */; };
		9B1CA97C2A62E12000CB81AC /* ReviewDetailDataModel.swift in Sources */ = {isa = PBXBuildFile; fileRef = 9B1CA97B2A62E12000CB81AC /* ReviewDetailDataModel.swift */; };
		9B1CA97E2A634C7900CB81AC /* ReviewDetailCollectionViewCell.swift in Sources */ = {isa = PBXBuildFile; fileRef = 9B1CA97D2A634C7900CB81AC /* ReviewDetailCollectionViewCell.swift */; };
/* End PBXBuildFile section */

/* Begin PBXFileReference section */
		0351AB3B2A605A7D006B0F4C /* ProjectStartTimeViewController.swift */ = {isa = PBXFileReference; lastKnownFileType = sourcecode.swift; path = ProjectStartTimeViewController.swift; sourceTree = "<group>"; };
		0351AB3D2A619F04006B0F4C /* textFieldNotificationModel.swift */ = {isa = PBXFileReference; lastKnownFileType = sourcecode.swift; path = textFieldNotificationModel.swift; sourceTree = "<group>"; };
		0351AB3F2A630EE6006B0F4C /* UIResponder+.swift */ = {isa = PBXFileReference; lastKnownFileType = sourcecode.swift; path = "UIResponder+.swift"; sourceTree = "<group>"; };
		0351AB412A6323A8006B0F4C /* CustomAlertView.swift */ = {isa = PBXFileReference; lastKnownFileType = sourcecode.swift; path = CustomAlertView.swift; sourceTree = "<group>"; };
		0351AB452A645BBF006B0F4C /* InvitationCodeViewController.swift */ = {isa = PBXFileReference; lastKnownFileType = sourcecode.swift; path = InvitationCodeViewController.swift; sourceTree = "<group>"; };
		0351AB472A6497C3006B0F4C /* CreateProfileViewController.swift */ = {isa = PBXFileReference; lastKnownFileType = sourcecode.swift; path = CreateProfileViewController.swift; sourceTree = "<group>"; };
		0351AB492A652F0B006B0F4C /* InvitationCodeTestViewController.swift */ = {isa = PBXFileReference; lastKnownFileType = sourcecode.swift; path = InvitationCodeTestViewController.swift; sourceTree = "<group>"; };
		03734EB42A599FDB00B401D6 /* Image.xcassets */ = {isa = PBXFileReference; lastKnownFileType = folder.assetcatalog; path = Image.xcassets; sourceTree = "<group>"; };
		03734EB72A59A0BD00B401D6 /* TabBarController.swift */ = {isa = PBXFileReference; lastKnownFileType = sourcecode.swift; path = TabBarController.swift; sourceTree = "<group>"; };
		03734EBC2A59A1F800B401D6 /* TabBarItem.swift */ = {isa = PBXFileReference; lastKnownFileType = sourcecode.swift; path = TabBarItem.swift; sourceTree = "<group>"; };
		03734EBE2A59A26800B401D6 /* MyPageViewController.swift */ = {isa = PBXFileReference; lastKnownFileType = sourcecode.swift; path = MyPageViewController.swift; sourceTree = "<group>"; };
		03ADF3862A5D9F91002CEDDC /* InputContentView.swift */ = {isa = PBXFileReference; lastKnownFileType = sourcecode.swift; path = InputContentView.swift; sourceTree = "<group>"; };
		03ADF3882A5E7322002CEDDC /* StartDayView.swift */ = {isa = PBXFileReference; lastKnownFileType = sourcecode.swift; path = StartDayView.swift; sourceTree = "<group>"; };
		03ADF38C2A5E8A5F002CEDDC /* CreateProjectView.swift */ = {isa = PBXFileReference; lastKnownFileType = sourcecode.swift; path = CreateProjectView.swift; sourceTree = "<group>"; };
		03ADF38E2A5E932A002CEDDC /* ProjectCycleCollectionViewCell.swift */ = {isa = PBXFileReference; lastKnownFileType = sourcecode.swift; path = ProjectCycleCollectionViewCell.swift; sourceTree = "<group>"; };
		03ADF3912A5E9534002CEDDC /* ProjectCycleModel.swift */ = {isa = PBXFileReference; lastKnownFileType = sourcecode.swift; path = ProjectCycleModel.swift; sourceTree = "<group>"; };
		03ADF3932A5EA4DB002CEDDC /* CheckButton.swift */ = {isa = PBXFileReference; lastKnownFileType = sourcecode.swift; path = CheckButton.swift; sourceTree = "<group>"; };
		03B004A82A556C7400E71CA7 /* UIWindow+.swift */ = {isa = PBXFileReference; lastKnownFileType = sourcecode.swift; path = "UIWindow+.swift"; sourceTree = "<group>"; };
		03E6D1E12A53219600F4453C /* Puzzling.app */ = {isa = PBXFileReference; explicitFileType = wrapper.application; includeInIndex = 0; path = Puzzling.app; sourceTree = BUILT_PRODUCTS_DIR; };
		03E6D1E42A53219600F4453C /* AppDelegate.swift */ = {isa = PBXFileReference; lastKnownFileType = sourcecode.swift; path = AppDelegate.swift; sourceTree = "<group>"; };
		03E6D1E62A53219600F4453C /* SceneDelegate.swift */ = {isa = PBXFileReference; lastKnownFileType = sourcecode.swift; path = SceneDelegate.swift; sourceTree = "<group>"; };
		03E6D1E82A53219600F4453C /* HomeViewController.swift */ = {isa = PBXFileReference; lastKnownFileType = sourcecode.swift; path = HomeViewController.swift; sourceTree = "<group>"; };
		03E6D1ED2A53219800F4453C /* Assets.xcassets */ = {isa = PBXFileReference; lastKnownFileType = folder.assetcatalog; path = Assets.xcassets; sourceTree = "<group>"; };
		03E6D1F02A53219800F4453C /* Base */ = {isa = PBXFileReference; lastKnownFileType = file.storyboard; name = Base; path = Base.lproj/LaunchScreen.storyboard; sourceTree = "<group>"; };
		03E6D1F22A53219800F4453C /* Info.plist */ = {isa = PBXFileReference; lastKnownFileType = text.plist.xml; path = Info.plist; sourceTree = "<group>"; };
		03E6D1FF2A5325F100F4453C /* Model.swift */ = {isa = PBXFileReference; lastKnownFileType = sourcecode.swift; path = Model.swift; sourceTree = "<group>"; };
		03E6D2042A5326D400F4453C /* DTO.swift */ = {isa = PBXFileReference; lastKnownFileType = sourcecode.swift; path = DTO.swift; sourceTree = "<group>"; };
		03E6D2062A5326DD00F4453C /* APIService.swift */ = {isa = PBXFileReference; lastKnownFileType = sourcecode.swift; path = APIService.swift; sourceTree = "<group>"; };
		03E6D2252A532AAC00F4453C /* BaseView.swift */ = {isa = PBXFileReference; lastKnownFileType = sourcecode.swift; path = BaseView.swift; sourceTree = "<group>"; };
		03E6D2272A532AB900F4453C /* BaseViewController.swift */ = {isa = PBXFileReference; lastKnownFileType = sourcecode.swift; path = BaseViewController.swift; sourceTree = "<group>"; };
		03E6D22A2A532B9300F4453C /* SF-Pro-Text-Regular.otf */ = {isa = PBXFileReference; lastKnownFileType = file; path = "SF-Pro-Text-Regular.otf"; sourceTree = "<group>"; };
		03E6D22C2A532B9400F4453C /* SF-Pro-Text-Black.otf */ = {isa = PBXFileReference; lastKnownFileType = file; path = "SF-Pro-Text-Black.otf"; sourceTree = "<group>"; };
		03E6D22E2A532B9400F4453C /* SF-Pro-Text-Bold.otf */ = {isa = PBXFileReference; lastKnownFileType = file; path = "SF-Pro-Text-Bold.otf"; sourceTree = "<group>"; };
		03E6D23B2A532BC600F4453C /* CustomClass.swift */ = {isa = PBXFileReference; lastKnownFileType = sourcecode.swift; path = CustomClass.swift; sourceTree = "<group>"; };
		03E6D23D2A532C1800F4453C /* FontLevel.swift */ = {isa = PBXFileReference; lastKnownFileType = sourcecode.swift; path = FontLevel.swift; sourceTree = "<group>"; };
		03E6D23F2A532C2500F4453C /* Color.swift */ = {isa = PBXFileReference; lastKnownFileType = sourcecode.swift; path = Color.swift; sourceTree = "<group>"; };
		03E6D2412A532C3300F4453C /* Image.swift */ = {isa = PBXFileReference; lastKnownFileType = sourcecode.swift; path = Image.swift; sourceTree = "<group>"; };
		03E6D2432A532C6300F4453C /* Literals.swift */ = {isa = PBXFileReference; lastKnownFileType = sourcecode.swift; path = Literals.swift; sourceTree = "<group>"; };
		03E6D2592A5331ED00F4453C /* APIConst.swift */ = {isa = PBXFileReference; lastKnownFileType = sourcecode.swift; path = APIConst.swift; sourceTree = "<group>"; };
		03E6D25B2A5331FF00F4453C /* GeneralResponse.swift */ = {isa = PBXFileReference; lastKnownFileType = sourcecode.swift; path = GeneralResponse.swift; sourceTree = "<group>"; };
		03E6D25D2A53321000F4453C /* NetworkLoggerPlugin.swift */ = {isa = PBXFileReference; lastKnownFileType = sourcecode.swift; path = NetworkLoggerPlugin.swift; sourceTree = "<group>"; };
		03E6D25F2A53322300F4453C /* URLConst.swift */ = {isa = PBXFileReference; lastKnownFileType = sourcecode.swift; path = URLConst.swift; sourceTree = "<group>"; };
		03E6D2612A5332F700F4453C /* Encodable+.swift */ = {isa = PBXFileReference; lastKnownFileType = sourcecode.swift; path = "Encodable+.swift"; sourceTree = "<group>"; };
		03E6D2632A53330E00F4453C /* NSObject+.swift */ = {isa = PBXFileReference; lastKnownFileType = sourcecode.swift; path = "NSObject+.swift"; sourceTree = "<group>"; };
		03E6D2652A53333500F4453C /* UIView+.swift */ = {isa = PBXFileReference; lastKnownFileType = sourcecode.swift; path = "UIView+.swift"; sourceTree = "<group>"; };
		03E6D2672A53334A00F4453C /* UITextField+.swift */ = {isa = PBXFileReference; lastKnownFileType = sourcecode.swift; path = "UITextField+.swift"; sourceTree = "<group>"; };
		03E6D2692A53335700F4453C /* UIStackView+.swift */ = {isa = PBXFileReference; lastKnownFileType = sourcecode.swift; path = "UIStackView+.swift"; sourceTree = "<group>"; };
		03E6D26B2A53336900F4453C /* UITableView+.swift */ = {isa = PBXFileReference; lastKnownFileType = sourcecode.swift; path = "UITableView+.swift"; sourceTree = "<group>"; };
		03E6D26D2A53337600F4453C /* UICollectionView+.swift */ = {isa = PBXFileReference; lastKnownFileType = sourcecode.swift; path = "UICollectionView+.swift"; sourceTree = "<group>"; };
		03E6D26F2A53338200F4453C /* String+.swift */ = {isa = PBXFileReference; lastKnownFileType = sourcecode.swift; path = "String+.swift"; sourceTree = "<group>"; };
		03E6D2712A53339000F4453C /* UIImageView+.swift */ = {isa = PBXFileReference; lastKnownFileType = sourcecode.swift; path = "UIImageView+.swift"; sourceTree = "<group>"; };
		03E6D2732A5333A500F4453C /* UILabel+.swift */ = {isa = PBXFileReference; lastKnownFileType = sourcecode.swift; path = "UILabel+.swift"; sourceTree = "<group>"; };
		03E6D2752A5333B100F4453C /* UIButton+.swift */ = {isa = PBXFileReference; lastKnownFileType = sourcecode.swift; path = "UIButton+.swift"; sourceTree = "<group>"; };
		03E6D2772A5333BF00F4453C /* UITabBar+.swift */ = {isa = PBXFileReference; lastKnownFileType = sourcecode.swift; path = "UITabBar+.swift"; sourceTree = "<group>"; };
		03E6D2792A5333C900F4453C /* UIImage+.swift */ = {isa = PBXFileReference; lastKnownFileType = sourcecode.swift; path = "UIImage+.swift"; sourceTree = "<group>"; };
		03E6D27B2A5333E400F4453C /* UIViewController+.swift */ = {isa = PBXFileReference; lastKnownFileType = sourcecode.swift; path = "UIViewController+.swift"; sourceTree = "<group>"; };
		03FFD2C92A5B15BA00A3B70D /* UIFont+.swift */ = {isa = PBXFileReference; lastKnownFileType = sourcecode.swift; path = "UIFont+.swift"; sourceTree = "<group>"; };
		03FFD2CB2A5B175C00A3B70D /* SFProType.swift */ = {isa = PBXFileReference; lastKnownFileType = sourcecode.swift; path = SFProType.swift; sourceTree = "<group>"; };
		03FFD2CD2A5B1A8B00A3B70D /* AppleSDGothicNeoType.swift */ = {isa = PBXFileReference; lastKnownFileType = sourcecode.swift; path = AppleSDGothicNeoType.swift; sourceTree = "<group>"; };
		03FFD2D02A5B21D600A3B70D /* AppleSDGothicNeoH.ttf */ = {isa = PBXFileReference; lastKnownFileType = file; path = AppleSDGothicNeoH.ttf; sourceTree = "<group>"; };
		03FFD2D22A5B250800A3B70D /* Color.xcassets */ = {isa = PBXFileReference; lastKnownFileType = folder.assetcatalog; path = Color.xcassets; sourceTree = "<group>"; };
		03FFD2D82A5D968200A3B70D /* CreateProjectViewController.swift */ = {isa = PBXFileReference; lastKnownFileType = sourcecode.swift; path = CreateProjectViewController.swift; sourceTree = "<group>"; };
		096755BA2A5C61BE00A1E691 /* TeamMemberTableViewCell.swift */ = {isa = PBXFileReference; lastKnownFileType = sourcecode.swift; path = TeamMemberTableViewCell.swift; sourceTree = "<group>"; };
		096755BE2A5D9E1A00A1E691 /* TeamMemberCustomHeaderView.swift */ = {isa = PBXFileReference; lastKnownFileType = sourcecode.swift; path = TeamMemberCustomHeaderView.swift; sourceTree = "<group>"; };
		096755C52A5E970500A1E691 /* MyProjectViewController.swift */ = {isa = PBXFileReference; lastKnownFileType = sourcecode.swift; path = MyProjectViewController.swift; sourceTree = "<group>"; };
		096755CA2A5E9AF500A1E691 /* MyProjectTableViewCell.swift */ = {isa = PBXFileReference; lastKnownFileType = sourcecode.swift; path = MyProjectTableViewCell.swift; sourceTree = "<group>"; };
		096755E52A60700E00A1E691 /* MyProjectTableHeaderView.swift */ = {isa = PBXFileReference; lastKnownFileType = sourcecode.swift; path = MyProjectTableHeaderView.swift; sourceTree = "<group>"; };
		096755E72A6070DC00A1E691 /* TeamMemberDataModel.swift */ = {isa = PBXFileReference; lastKnownFileType = sourcecode.swift; path = TeamMemberDataModel.swift; sourceTree = "<group>"; };
		096755E92A60710100A1E691 /* MyProjectDataModel.swift */ = {isa = PBXFileReference; lastKnownFileType = sourcecode.swift; path = MyProjectDataModel.swift; sourceTree = "<group>"; };
		096755F92A607A7D00A1E691 /* MyReviewListDataModel.swift */ = {isa = PBXFileReference; lastKnownFileType = sourcecode.swift; path = MyReviewListDataModel.swift; sourceTree = "<group>"; };
		096756082A61DB5700A1E691 /* ReviewDetailViewController.swift */ = {isa = PBXFileReference; lastKnownFileType = sourcecode.swift; path = ReviewDetailViewController.swift; sourceTree = "<group>"; };
		0967560C2A61E08C00A1E691 /* ProjectCalendarView.swift */ = {isa = PBXFileReference; lastKnownFileType = sourcecode.swift; path = ProjectCalendarView.swift; sourceTree = "<group>"; };
		0967560E2A61E73700A1E691 /* ReviewDetailView.swift */ = {isa = PBXFileReference; lastKnownFileType = sourcecode.swift; path = ReviewDetailView.swift; sourceTree = "<group>"; };
		09C0A4F22A5BEC1600691FFD /* TeamMemberViewController.swift */ = {isa = PBXFileReference; lastKnownFileType = sourcecode.swift; path = TeamMemberViewController.swift; sourceTree = "<group>"; };
		09C0A4F42A5BEE4C00691FFD /* TeamMemberView.swift */ = {isa = PBXFileReference; lastKnownFileType = sourcecode.swift; path = TeamMemberView.swift; sourceTree = "<group>"; };
		09C3AD572A65714800CDE00F /* TeamMemberCustomHeaderView.swift */ = {isa = PBXFileReference; lastKnownFileType = sourcecode.swift; path = TeamMemberCustomHeaderView.swift; sourceTree = "<group>"; };
		09C3AD592A65715C00CDE00F /* TeamMemberTableViewCell.swift */ = {isa = PBXFileReference; lastKnownFileType = sourcecode.swift; path = TeamMemberTableViewCell.swift; sourceTree = "<group>"; };
		09C3AD5B2A65717500CDE00F /* TeamMemberView.swift */ = {isa = PBXFileReference; lastKnownFileType = sourcecode.swift; path = TeamMemberView.swift; sourceTree = "<group>"; };
		09C3AD5D2A65719100CDE00F /* TeamMemberViewController.swift */ = {isa = PBXFileReference; lastKnownFileType = sourcecode.swift; path = TeamMemberViewController.swift; sourceTree = "<group>"; };
		251C00C82A5BE62400F6838C /* CreateRetrospectViewController.swift */ = {isa = PBXFileReference; lastKnownFileType = sourcecode.swift; path = CreateRetrospectViewController.swift; sourceTree = "<group>"; };
		251C00CA2A5BEB6600F6838C /* TILView.swift */ = {isa = PBXFileReference; lastKnownFileType = sourcecode.swift; path = TILView.swift; sourceTree = "<group>"; };
		251C00CE2A5BEB7600F6838C /* AARView.swift */ = {isa = PBXFileReference; lastKnownFileType = sourcecode.swift; path = AARView.swift; sourceTree = "<group>"; };
		251C00D42A5D205300F6838C /* CustomRadioButton.swift */ = {isa = PBXFileReference; lastKnownFileType = sourcecode.swift; path = CustomRadioButton.swift; sourceTree = "<group>"; };
		251C00D62A5D309300F6838C /* BottomSheetViewController.swift */ = {isa = PBXFileReference; lastKnownFileType = sourcecode.swift; path = BottomSheetViewController.swift; sourceTree = "<group>"; };
		251C00DC2A5F114800F6838C /* FiveFView.swift */ = {isa = PBXFileReference; lastKnownFileType = sourcecode.swift; path = FiveFView.swift; sourceTree = "<group>"; };
		251C00E82A60343900F6838C /* testViewController.swift */ = {isa = PBXFileReference; lastKnownFileType = sourcecode.swift; path = testViewController.swift; sourceTree = "<group>"; };
		25F972632A61A839001CE10C /* CustomAlert.swift */ = {isa = PBXFileReference; lastKnownFileType = sourcecode.swift; path = CustomAlert.swift; sourceTree = "<group>"; };
		583117A02A5B71920099B517 /* TeamDashboardViewController.swift */ = {isa = PBXFileReference; lastKnownFileType = sourcecode.swift; path = TeamDashboardViewController.swift; sourceTree = "<group>"; };
		583117A22A5B71A00099B517 /* IndivisualDashboardViewController.swift */ = {isa = PBXFileReference; lastKnownFileType = sourcecode.swift; path = IndivisualDashboardViewController.swift; sourceTree = "<group>"; };
		583117A72A5BE1490099B517 /* HomeTitleBarView.swift */ = {isa = PBXFileReference; lastKnownFileType = sourcecode.swift; path = HomeTitleBarView.swift; sourceTree = "<group>"; };
		583117A92A5BE2D90099B517 /* HomeSegmentedView.swift */ = {isa = PBXFileReference; lastKnownFileType = sourcecode.swift; path = HomeSegmentedView.swift; sourceTree = "<group>"; };
		588AA06B2A5E77EF0017CB1E /* ActionPlanView.swift */ = {isa = PBXFileReference; lastKnownFileType = sourcecode.swift; path = ActionPlanView.swift; sourceTree = "<group>"; };
		588AA06E2A5E7F820017CB1E /* ActionPlanCollectionViewCell.swift */ = {isa = PBXFileReference; lastKnownFileType = sourcecode.swift; path = ActionPlanCollectionViewCell.swift; sourceTree = "<group>"; };
		588AA0722A5ECDE70017CB1E /* IndivisualDashboardModel.swift */ = {isa = PBXFileReference; lastKnownFileType = sourcecode.swift; path = IndivisualDashboardModel.swift; sourceTree = "<group>"; };
		588AA0742A5ECDF10017CB1E /* TeamDashboardModel.swift */ = {isa = PBXFileReference; lastKnownFileType = sourcecode.swift; path = TeamDashboardModel.swift; sourceTree = "<group>"; };
		588AA0782A5EF4930017CB1E /* HomeMainButton.swift */ = {isa = PBXFileReference; lastKnownFileType = sourcecode.swift; path = HomeMainButton.swift; sourceTree = "<group>"; };
		58DC6A6A2A616A2E0039242C /* TeamDashboardRankView.swift */ = {isa = PBXFileReference; lastKnownFileType = sourcecode.swift; path = TeamDashboardRankView.swift; sourceTree = "<group>"; };
		58DC6A6C2A61708D0039242C /* TeamRankPodiumView.swift */ = {isa = PBXFileReference; lastKnownFileType = sourcecode.swift; path = TeamRankPodiumView.swift; sourceTree = "<group>"; };
		58EDAF922A5DD25D004EF5D3 /* DashboardMainBoxView.swift */ = {isa = PBXFileReference; lastKnownFileType = sourcecode.swift; path = DashboardMainBoxView.swift; sourceTree = "<group>"; };
		58EDAF942A5DDA04004EF5D3 /* IndivisualCardButtonView.swift */ = {isa = PBXFileReference; lastKnownFileType = sourcecode.swift; path = IndivisualCardButtonView.swift; sourceTree = "<group>"; };
		9B1CA9772A62ADFD00CB81AC /* ReviewDetailEmptyView.swift */ = {isa = PBXFileReference; lastKnownFileType = sourcecode.swift; path = ReviewDetailEmptyView.swift; sourceTree = "<group>"; };
		9B1CA97B2A62E12000CB81AC /* ReviewDetailDataModel.swift */ = {isa = PBXFileReference; lastKnownFileType = sourcecode.swift; path = ReviewDetailDataModel.swift; sourceTree = "<group>"; };
		9B1CA97D2A634C7900CB81AC /* ReviewDetailCollectionViewCell.swift */ = {isa = PBXFileReference; lastKnownFileType = sourcecode.swift; path = ReviewDetailCollectionViewCell.swift; sourceTree = "<group>"; };
/* End PBXFileReference section */

/* Begin PBXFrameworksBuildPhase section */
		03E6D1DE2A53219600F4453C /* Frameworks */ = {
			isa = PBXFrameworksBuildPhase;
			buildActionMask = 2147483647;
			files = (
				03E6D2552A532FD300F4453C /* RealmSwift in Frameworks */,
				03E6D24D2A532D7500F4453C /* SnapKit in Frameworks */,
				03E6D2502A532DC300F4453C /* FSCalendar in Frameworks */,
				03E6D2472A532D5D00F4453C /* Moya in Frameworks */,
				03E6D24A2A532D6B00F4453C /* Then in Frameworks */,
				03E6D2532A532FD300F4453C /* Realm in Frameworks */,
				03E6D2582A53303800F4453C /* KakaoSDK in Frameworks */,
			);
			runOnlyForDeploymentPostprocessing = 0;
		};
/* End PBXFrameworksBuildPhase section */

/* Begin PBXGroup section */
		0351AB432A645B96006B0F4C /* InvitationCode */ = {
			isa = PBXGroup;
			children = (
				0351AB442A645BAA006B0F4C /* ViewController */,
			);
			path = InvitationCode;
			sourceTree = "<group>";
		};
		0351AB442A645BAA006B0F4C /* ViewController */ = {
			isa = PBXGroup;
			children = (
				0351AB452A645BBF006B0F4C /* InvitationCodeViewController.swift */,
				0351AB472A6497C3006B0F4C /* CreateProfileViewController.swift */,
				0351AB492A652F0B006B0F4C /* InvitationCodeTestViewController.swift */,
			);
			path = ViewController;
			sourceTree = "<group>";
		};
		03734EB62A59A08E00B401D6 /* TabBar */ = {
			isa = PBXGroup;
			children = (
				03734EB72A59A0BD00B401D6 /* TabBarController.swift */,
				03734EBC2A59A1F800B401D6 /* TabBarItem.swift */,
			);
			path = TabBar;
			sourceTree = "<group>";
		};
		03734EB92A59A1A600B401D6 /* MyPage */ = {
			isa = PBXGroup;
			children = (
				03734EC12A59AB6A00B401D6 /* ViewController */,
			);
			path = MyPage;
			sourceTree = "<group>";
		};
		03734EC02A59AB5E00B401D6 /* Main */ = {
			isa = PBXGroup;
			children = (
				5831179F2A5B716D0099B517 /* View */,
				5831179E2A5B71620099B517 /* ViewController */,
			);
			path = Main;
			sourceTree = "<group>";
		};
		03734EC12A59AB6A00B401D6 /* ViewController */ = {
			isa = PBXGroup;
			children = (
				03734EBE2A59A26800B401D6 /* MyPageViewController.swift */,
			);
			path = ViewController;
			sourceTree = "<group>";
		};
		03ADF3902A5E932F002CEDDC /* Cell */ = {
			isa = PBXGroup;
			children = (
				03ADF38E2A5E932A002CEDDC /* ProjectCycleCollectionViewCell.swift */,
			);
			path = Cell;
			sourceTree = "<group>";
		};
		03E6D1D82A53219600F4453C = {
			isa = PBXGroup;
			children = (
				03E6D1E32A53219600F4453C /* Puzzling */,
				03E6D1E22A53219600F4453C /* Products */,
				255026DA2A653C9000531543 /* Recovered References */,
			);
			sourceTree = "<group>";
		};
		03E6D1E22A53219600F4453C /* Products */ = {
			isa = PBXGroup;
			children = (
				03E6D1E12A53219600F4453C /* Puzzling.app */,
			);
			name = Products;
			sourceTree = "<group>";
		};
		03E6D1E32A53219600F4453C /* Puzzling */ = {
			isa = PBXGroup;
			children = (
				03E6D1F82A53257B00F4453C /* Application */,
				03E6D1F92A53259300F4453C /* Data */,
				03E6D2012A53260C00F4453C /* Network */,
				03E6D20D2A5327BA00F4453C /* Presentation */,
				03E6D2142A53285700F4453C /* Resource */,
				03E6D2182A53298400F4453C /* Util */,
			);
			path = Puzzling;
			sourceTree = "<group>";
		};
		03E6D1F82A53257B00F4453C /* Application */ = {
			isa = PBXGroup;
			children = (
				03E6D1F22A53219800F4453C /* Info.plist */,
				03E6D1E42A53219600F4453C /* AppDelegate.swift */,
				03E6D1E62A53219600F4453C /* SceneDelegate.swift */,
			);
			path = Application;
			sourceTree = "<group>";
		};
		03E6D1F92A53259300F4453C /* Data */ = {
			isa = PBXGroup;
			children = (
				03E6D1FA2A5325A200F4453C /* DTO */,
				03E6D1FB2A5325A900F4453C /* Model */,
			);
			path = Data;
			sourceTree = "<group>";
		};
		03E6D1FA2A5325A200F4453C /* DTO */ = {
			isa = PBXGroup;
			children = (
				03E6D2042A5326D400F4453C /* DTO.swift */,
				588AA0722A5ECDE70017CB1E /* IndivisualDashboardModel.swift */,
				588AA0742A5ECDF10017CB1E /* TeamDashboardModel.swift */,
				9B1CA97B2A62E12000CB81AC /* ReviewDetailDataModel.swift */,
				096755E72A6070DC00A1E691 /* TeamMemberDataModel.swift */,
				096755E92A60710100A1E691 /* MyProjectDataModel.swift */,
				096755F92A607A7D00A1E691 /* MyReviewListDataModel.swift */,
			);
			path = DTO;
			sourceTree = "<group>";
		};
		03E6D1FB2A5325A900F4453C /* Model */ = {
			isa = PBXGroup;
			children = (
				03E6D1FF2A5325F100F4453C /* Model.swift */,
				03ADF3912A5E9534002CEDDC /* ProjectCycleModel.swift */,
				0351AB3D2A619F04006B0F4C /* textFieldNotificationModel.swift */,
			);
			path = Model;
			sourceTree = "<group>";
		};
		03E6D2012A53260C00F4453C /* Network */ = {
			isa = PBXGroup;
			children = (
				03E6D2022A53263600F4453C /* APIService */,
				03E6D2082A53274500F4453C /* Foundation */,
			);
			path = Network;
			sourceTree = "<group>";
		};
		03E6D2022A53263600F4453C /* APIService */ = {
			isa = PBXGroup;
			children = (
				03E6D2062A5326DD00F4453C /* APIService.swift */,
			);
			path = APIService;
			sourceTree = "<group>";
		};
		03E6D2082A53274500F4453C /* Foundation */ = {
			isa = PBXGroup;
			children = (
				03E6D2592A5331ED00F4453C /* APIConst.swift */,
				03E6D25B2A5331FF00F4453C /* GeneralResponse.swift */,
				03E6D25D2A53321000F4453C /* NetworkLoggerPlugin.swift */,
				03E6D25F2A53322300F4453C /* URLConst.swift */,
			);
			path = Foundation;
			sourceTree = "<group>";
		};
		03E6D20D2A5327BA00F4453C /* Presentation */ = {
			isa = PBXGroup;
			children = (
				096756072A61DB3800A1E691 /* ReviewDetail */,
				096755EC2A6078AD00A1E691 /* TeamMember */,
				096755C22A5E96DC00A1E691 /* MyProject */,
				03E6D20E2A5327D300F4453C /* Common */,
				03E6D20F2A5327E600F4453C /* Home */,
				03734EB92A59A1A600B401D6 /* MyPage */,
				03FFD2D52A5D92CE00A3B70D /* CreateProject */,
				0351AB432A645B96006B0F4C /* InvitationCode */,
				03734EB62A59A08E00B401D6 /* TabBar */,
			);
			path = Presentation;
			sourceTree = "<group>";
		};
		03E6D20E2A5327D300F4453C /* Common */ = {
			isa = PBXGroup;
			children = (
				03E6D2122A53281900F4453C /* Base */,
			);
			path = Common;
			sourceTree = "<group>";
		};
		03E6D20F2A5327E600F4453C /* Home */ = {
			isa = PBXGroup;
			children = (
				58DC6A692A615C2B0039242C /* Common */,
				03734EC02A59AB5E00B401D6 /* Main */,
				5831179D2A5B713D0099B517 /* IndivisualDashboard */,
				5831179C2A5B71280099B517 /* TeamDashboard */,
			);
			path = Home;
			sourceTree = "<group>";
		};
		03E6D2112A53281200F4453C /* View */ = {
			isa = PBXGroup;
			children = (
				03E6D2252A532AAC00F4453C /* BaseView.swift */,
			);
			path = View;
			sourceTree = "<group>";
		};
		03E6D2122A53281900F4453C /* Base */ = {
			isa = PBXGroup;
			children = (
				03E6D2112A53281200F4453C /* View */,
				03E6D2132A53283400F4453C /* ViewController */,
			);
			path = Base;
			sourceTree = "<group>";
		};
		03E6D2132A53283400F4453C /* ViewController */ = {
			isa = PBXGroup;
			children = (
				03E6D2272A532AB900F4453C /* BaseViewController.swift */,
			);
			path = ViewController;
			sourceTree = "<group>";
		};
		03E6D2142A53285700F4453C /* Resource */ = {
			isa = PBXGroup;
			children = (
				03E6D2152A53286C00F4453C /* AssetCatalog */,
				03E6D2162A53288500F4453C /* Font */,
				03E6D1EF2A53219800F4453C /* LaunchScreen.storyboard */,
			);
			path = Resource;
			sourceTree = "<group>";
		};
		03E6D2152A53286C00F4453C /* AssetCatalog */ = {
			isa = PBXGroup;
			children = (
				03E6D1ED2A53219800F4453C /* Assets.xcassets */,
				03734EB42A599FDB00B401D6 /* Image.xcassets */,
				03FFD2D22A5B250800A3B70D /* Color.xcassets */,
			);
			path = AssetCatalog;
			sourceTree = "<group>";
		};
		03E6D2162A53288500F4453C /* Font */ = {
			isa = PBXGroup;
			children = (
				03FFD2D02A5B21D600A3B70D /* AppleSDGothicNeoH.ttf */,
				03E6D22C2A532B9400F4453C /* SF-Pro-Text-Black.otf */,
				03E6D22E2A532B9400F4453C /* SF-Pro-Text-Bold.otf */,
				03E6D22A2A532B9300F4453C /* SF-Pro-Text-Regular.otf */,
			);
			path = Font;
			sourceTree = "<group>";
		};
		03E6D2182A53298400F4453C /* Util */ = {
			isa = PBXGroup;
			children = (
				03E6D2192A53299E00F4453C /* CustomClass */,
				03E6D21A2A5329AE00F4453C /* Extension */,
				03E6D21B2A5329B500F4453C /* NameSpace */,
				03E6D21C2A5329C100F4453C /* StyleGuide */,
			);
			path = Util;
			sourceTree = "<group>";
		};
		03E6D2192A53299E00F4453C /* CustomClass */ = {
			isa = PBXGroup;
			children = (
				03E6D23B2A532BC600F4453C /* CustomClass.swift */,
				251C00D42A5D205300F6838C /* CustomRadioButton.swift */,
				03ADF3932A5EA4DB002CEDDC /* CheckButton.swift */,
			);
			path = CustomClass;
			sourceTree = "<group>";
		};
		03E6D21A2A5329AE00F4453C /* Extension */ = {
			isa = PBXGroup;
			children = (
				03E6D2612A5332F700F4453C /* Encodable+.swift */,
				03E6D2632A53330E00F4453C /* NSObject+.swift */,
				03E6D2652A53333500F4453C /* UIView+.swift */,
				03E6D2672A53334A00F4453C /* UITextField+.swift */,
				03E6D2692A53335700F4453C /* UIStackView+.swift */,
				03E6D26B2A53336900F4453C /* UITableView+.swift */,
				03E6D26D2A53337600F4453C /* UICollectionView+.swift */,
				03E6D26F2A53338200F4453C /* String+.swift */,
				03E6D2712A53339000F4453C /* UIImageView+.swift */,
				03E6D2732A5333A500F4453C /* UILabel+.swift */,
				03E6D2752A5333B100F4453C /* UIButton+.swift */,
				03E6D2772A5333BF00F4453C /* UITabBar+.swift */,
				03E6D2792A5333C900F4453C /* UIImage+.swift */,
				03E6D27B2A5333E400F4453C /* UIViewController+.swift */,
				03B004A82A556C7400E71CA7 /* UIWindow+.swift */,
				03FFD2C92A5B15BA00A3B70D /* UIFont+.swift */,
				0351AB3F2A630EE6006B0F4C /* UIResponder+.swift */,
			);
			path = Extension;
			sourceTree = "<group>";
		};
		03E6D21B2A5329B500F4453C /* NameSpace */ = {
			isa = PBXGroup;
			children = (
				03E6D23F2A532C2500F4453C /* Color.swift */,
				03E6D2412A532C3300F4453C /* Image.swift */,
				03E6D2432A532C6300F4453C /* Literals.swift */,
				03FFD2CB2A5B175C00A3B70D /* SFProType.swift */,
				03FFD2CD2A5B1A8B00A3B70D /* AppleSDGothicNeoType.swift */,
			);
			path = NameSpace;
			sourceTree = "<group>";
		};
		03E6D21C2A5329C100F4453C /* StyleGuide */ = {
			isa = PBXGroup;
			children = (
				03E6D23D2A532C1800F4453C /* FontLevel.swift */,
			);
			path = StyleGuide;
			sourceTree = "<group>";
		};
		03FFD2D52A5D92CE00A3B70D /* CreateProject */ = {
			isa = PBXGroup;
			children = (
				03FFD2D72A5D931200A3B70D /* View */,
				03FFD2D62A5D92FB00A3B70D /* ViewController */,
				03ADF3902A5E932F002CEDDC /* Cell */,
			);
			path = CreateProject;
			sourceTree = "<group>";
		};
		03FFD2D62A5D92FB00A3B70D /* ViewController */ = {
			isa = PBXGroup;
			children = (
				03FFD2D82A5D968200A3B70D /* CreateProjectViewController.swift */,
				0351AB3B2A605A7D006B0F4C /* ProjectStartTimeViewController.swift */,
			);
			path = ViewController;
			sourceTree = "<group>";
		};
		03FFD2D72A5D931200A3B70D /* View */ = {
			isa = PBXGroup;
			children = (
				03ADF38C2A5E8A5F002CEDDC /* CreateProjectView.swift */,
				03ADF3882A5E7322002CEDDC /* StartDayView.swift */,
				03ADF3862A5D9F91002CEDDC /* InputContentView.swift */,
				0351AB412A6323A8006B0F4C /* CustomAlertView.swift */,
			);
			path = View;
			sourceTree = "<group>";
		};
		096755C22A5E96DC00A1E691 /* MyProject */ = {
			isa = PBXGroup;
			children = (
				096755C32A5E96F100A1E691 /* ViewController */,
				096755C42A5E96F700A1E691 /* View */,
			);
			path = MyProject;
			sourceTree = "<group>";
		};
		096755C32A5E96F100A1E691 /* ViewController */ = {
			isa = PBXGroup;
			children = (
				096755C52A5E970500A1E691 /* MyProjectViewController.swift */,
			);
			path = ViewController;
			sourceTree = "<group>";
		};
		096755C42A5E96F700A1E691 /* View */ = {
			isa = PBXGroup;
			children = (
				096755CA2A5E9AF500A1E691 /* MyProjectTableViewCell.swift */,
				096755E52A60700E00A1E691 /* MyProjectTableHeaderView.swift */,
			);
			path = View;
			sourceTree = "<group>";
		};
		096755EC2A6078AD00A1E691 /* TeamMember */ = {
			isa = PBXGroup;
			children = (
				09C3AD562A65713900CDE00F /* View */,
				09C3AD552A65713100CDE00F /* ViewController */,
			);
			path = TeamMember;
			sourceTree = "<group>";
		};
		096756072A61DB3800A1E691 /* ReviewDetail */ = {
			isa = PBXGroup;
			children = (
				0967560A2A61DB5E00A1E691 /* ViewController */,
				0967560B2A61E05400A1E691 /* View */,
			);
			path = ReviewDetail;
			sourceTree = "<group>";
		};
		0967560A2A61DB5E00A1E691 /* ViewController */ = {
			isa = PBXGroup;
			children = (
				096756082A61DB5700A1E691 /* ReviewDetailViewController.swift */,
			);
			path = ViewController;
			sourceTree = "<group>";
		};
		0967560B2A61E05400A1E691 /* View */ = {
			isa = PBXGroup;
			children = (
				0967560C2A61E08C00A1E691 /* ProjectCalendarView.swift */,
				0967560E2A61E73700A1E691 /* ReviewDetailView.swift */,
				9B1CA97D2A634C7900CB81AC /* ReviewDetailCollectionViewCell.swift */,
				9B1CA9772A62ADFD00CB81AC /* ReviewDetailEmptyView.swift */,
			);
			path = View;
			sourceTree = "<group>";
		};
		09C3AD552A65713100CDE00F /* ViewController */ = {
			isa = PBXGroup;
			children = (
				09C3AD5D2A65719100CDE00F /* TeamMemberViewController.swift */,
			);
			path = ViewController;
			sourceTree = "<group>";
		};
		09C3AD562A65713900CDE00F /* View */ = {
			isa = PBXGroup;
			children = (
				09C3AD572A65714800CDE00F /* TeamMemberCustomHeaderView.swift */,
				09C3AD592A65715C00CDE00F /* TeamMemberTableViewCell.swift */,
				09C3AD5B2A65717500CDE00F /* TeamMemberView.swift */,
			);
			path = View;
			sourceTree = "<group>";
		};
		255026DA2A653C9000531543 /* Recovered References */ = {
			isa = PBXGroup;
			children = (
				096755BA2A5C61BE00A1E691 /* TeamMemberTableViewCell.swift */,
				251C00C82A5BE62400F6838C /* CreateRetrospectViewController.swift */,
				251C00D62A5D309300F6838C /* BottomSheetViewController.swift */,
				251C00E82A60343900F6838C /* testViewController.swift */,
				09C0A4F22A5BEC1600691FFD /* TeamMemberViewController.swift */,
				251C00DC2A5F114800F6838C /* FiveFView.swift */,
				096755BE2A5D9E1A00A1E691 /* TeamMemberCustomHeaderView.swift */,
				251C00CE2A5BEB7600F6838C /* AARView.swift */,
				09C0A4F42A5BEE4C00691FFD /* TeamMemberView.swift */,
				251C00CA2A5BEB6600F6838C /* TILView.swift */,
				25F972632A61A839001CE10C /* CustomAlert.swift */,
			);
			name = "Recovered References";
			sourceTree = "<group>";
		};
		5831179C2A5B71280099B517 /* TeamDashboard */ = {
			isa = PBXGroup;
			children = (
				58DC6A662A6153500039242C /* View */,
				58DC6A652A6152DE0039242C /* ViewController */,
			);
			path = TeamDashboard;
			sourceTree = "<group>";
		};
		5831179D2A5B713D0099B517 /* IndivisualDashboard */ = {
			isa = PBXGroup;
			children = (
				58EDAF912A5D902C004EF5D3 /* ViewController */,
				58EDAF902A5D9026004EF5D3 /* View */,
				588AA06D2A5E7F600017CB1E /* Component */,
			);
			path = IndivisualDashboard;
			sourceTree = "<group>";
		};
		5831179E2A5B71620099B517 /* ViewController */ = {
			isa = PBXGroup;
			children = (
				03E6D1E82A53219600F4453C /* HomeViewController.swift */,
			);
			path = ViewController;
			sourceTree = "<group>";
		};
		5831179F2A5B716D0099B517 /* View */ = {
			isa = PBXGroup;
			children = (
				583117A72A5BE1490099B517 /* HomeTitleBarView.swift */,
				583117A92A5BE2D90099B517 /* HomeSegmentedView.swift */,
			);
			path = View;
			sourceTree = "<group>";
		};
		588AA06D2A5E7F600017CB1E /* Component */ = {
			isa = PBXGroup;
			children = (
				588AA06E2A5E7F820017CB1E /* ActionPlanCollectionViewCell.swift */,
				588AA0782A5EF4930017CB1E /* HomeMainButton.swift */,
			);
			path = Component;
			sourceTree = "<group>";
		};
		58DC6A652A6152DE0039242C /* ViewController */ = {
			isa = PBXGroup;
			children = (
				583117A02A5B71920099B517 /* TeamDashboardViewController.swift */,
			);
			path = ViewController;
			sourceTree = "<group>";
		};
		58DC6A662A6153500039242C /* View */ = {
			isa = PBXGroup;
			children = (
				58DC6A6A2A616A2E0039242C /* TeamDashboardRankView.swift */,
				58DC6A6C2A61708D0039242C /* TeamRankPodiumView.swift */,
			);
			path = View;
			sourceTree = "<group>";
		};
		58DC6A692A615C2B0039242C /* Common */ = {
			isa = PBXGroup;
			children = (
				58EDAF922A5DD25D004EF5D3 /* DashboardMainBoxView.swift */,
			);
			path = Common;
			sourceTree = "<group>";
		};
		58EDAF902A5D9026004EF5D3 /* View */ = {
			isa = PBXGroup;
			children = (
				58EDAF942A5DDA04004EF5D3 /* IndivisualCardButtonView.swift */,
				588AA06B2A5E77EF0017CB1E /* ActionPlanView.swift */,
			);
			path = View;
			sourceTree = "<group>";
		};
		58EDAF912A5D902C004EF5D3 /* ViewController */ = {
			isa = PBXGroup;
			children = (
				583117A22A5B71A00099B517 /* IndivisualDashboardViewController.swift */,
			);
			path = ViewController;
			sourceTree = "<group>";
		};
/* End PBXGroup section */

/* Begin PBXNativeTarget section */
		03E6D1E02A53219600F4453C /* Puzzling */ = {
			isa = PBXNativeTarget;
			buildConfigurationList = 03E6D1F52A53219800F4453C /* Build configuration list for PBXNativeTarget "Puzzling" */;
			buildPhases = (
				03E6D1DD2A53219600F4453C /* Sources */,
				03E6D1DE2A53219600F4453C /* Frameworks */,
				03E6D1DF2A53219600F4453C /* Resources */,
			);
			buildRules = (
			);
			dependencies = (
			);
			name = Puzzling;
			packageProductDependencies = (
				03E6D2462A532D5D00F4453C /* Moya */,
				03E6D2492A532D6B00F4453C /* Then */,
				03E6D24C2A532D7500F4453C /* SnapKit */,
				03E6D24F2A532DC300F4453C /* FSCalendar */,
				03E6D2522A532FD300F4453C /* Realm */,
				03E6D2542A532FD300F4453C /* RealmSwift */,
				03E6D2572A53303800F4453C /* KakaoSDK */,
			);
			productName = "Puzzling-iOS";
			productReference = 03E6D1E12A53219600F4453C /* Puzzling.app */;
			productType = "com.apple.product-type.application";
		};
/* End PBXNativeTarget section */

/* Begin PBXProject section */
		03E6D1D92A53219600F4453C /* Project object */ = {
			isa = PBXProject;
			attributes = {
				BuildIndependentTargetsInParallel = 1;
				LastSwiftUpdateCheck = 1430;
				LastUpgradeCheck = 1430;
				TargetAttributes = {
					03E6D1E02A53219600F4453C = {
						CreatedOnToolsVersion = 14.3.1;
					};
				};
			};
			buildConfigurationList = 03E6D1DC2A53219600F4453C /* Build configuration list for PBXProject "Puzzling" */;
			compatibilityVersion = "Xcode 14.0";
			developmentRegion = en;
			hasScannedForEncodings = 0;
			knownRegions = (
				en,
				Base,
			);
			mainGroup = 03E6D1D82A53219600F4453C;
			packageReferences = (
				03E6D2452A532D5D00F4453C /* XCRemoteSwiftPackageReference "Moya" */,
				03E6D2482A532D6B00F4453C /* XCRemoteSwiftPackageReference "Then" */,
				03E6D24B2A532D7500F4453C /* XCRemoteSwiftPackageReference "SnapKit" */,
				03E6D24E2A532DC300F4453C /* XCRemoteSwiftPackageReference "FSCalendar" */,
				03E6D2512A532FD300F4453C /* XCRemoteSwiftPackageReference "realm-swift" */,
				03E6D2562A53303700F4453C /* XCRemoteSwiftPackageReference "kakao-ios-sdk" */,
			);
			productRefGroup = 03E6D1E22A53219600F4453C /* Products */;
			projectDirPath = "";
			projectRoot = "";
			targets = (
				03E6D1E02A53219600F4453C /* Puzzling */,
			);
		};
/* End PBXProject section */

/* Begin PBXResourcesBuildPhase section */
		03E6D1DF2A53219600F4453C /* Resources */ = {
			isa = PBXResourcesBuildPhase;
			buildActionMask = 2147483647;
			files = (
				096756022A607D4B00A1E691 /* Color.xcassets in Resources */,
				096755FF2A607D3A00A1E691 /* SF-Pro-Text-Black.otf in Resources */,
				096756002A607D3A00A1E691 /* SF-Pro-Text-Bold.otf in Resources */,
				096756012A607D3A00A1E691 /* SF-Pro-Text-Regular.otf in Resources */,
				096755FE2A607D2600A1E691 /* AppleSDGothicNeoH.ttf in Resources */,
				096755FD2A607D1B00A1E691 /* LaunchScreen.storyboard in Resources */,
				096755FC2A607C8600A1E691 /* Assets.xcassets in Resources */,
				096755FB2A607C5300A1E691 /* Image.xcassets in Resources */,
			);
			runOnlyForDeploymentPostprocessing = 0;
		};
/* End PBXResourcesBuildPhase section */

/* Begin PBXSourcesBuildPhase section */
		03E6D1DD2A53219600F4453C /* Sources */ = {
			isa = PBXSourcesBuildPhase;
			buildActionMask = 2147483647;
			files = (
				03E6D2742A5333A500F4453C /* UILabel+.swift in Sources */,
				583117A32A5B71A00099B517 /* IndivisualDashboardViewController.swift in Sources */,
				03E6D2722A53339000F4453C /* UIImageView+.swift in Sources */,
				03E6D2002A5325F200F4453C /* Model.swift in Sources */,
				58DC6A6B2A616A2E0039242C /* TeamDashboardRankView.swift in Sources */,
				9B1CA97C2A62E12000CB81AC /* ReviewDetailDataModel.swift in Sources */,
				03E6D2422A532C3300F4453C /* Image.swift in Sources */,
				09C3AD5E2A65719100CDE00F /* TeamMemberViewController.swift in Sources */,
				03E6D2782A5333BF00F4453C /* UITabBar+.swift in Sources */,
				09C3AD582A65714800CDE00F /* TeamMemberCustomHeaderView.swift in Sources */,
				03FFD2CC2A5B175C00A3B70D /* SFProType.swift in Sources */,
				0351AB3C2A605A7D006B0F4C /* ProjectStartTimeViewController.swift in Sources */,
				03FFD2D92A5D968200A3B70D /* CreateProjectViewController.swift in Sources */,
				03E6D1E92A53219600F4453C /* HomeViewController.swift in Sources */,
				03E6D2402A532C2500F4453C /* Color.swift in Sources */,
				03E6D2662A53333500F4453C /* UIView+.swift in Sources */,
				588AA0732A5ECDE70017CB1E /* IndivisualDashboardModel.swift in Sources */,
				583117AA2A5BE2D90099B517 /* HomeSegmentedView.swift in Sources */,
				0351AB3E2A619F04006B0F4C /* textFieldNotificationModel.swift in Sources */,
				096755FA2A607A7D00A1E691 /* MyReviewListDataModel.swift in Sources */,
				03E6D25C2A5331FF00F4453C /* GeneralResponse.swift in Sources */,
				03ADF3942A5EA4DB002CEDDC /* CheckButton.swift in Sources */,
				9B1CA97E2A634C7900CB81AC /* ReviewDetailCollectionViewCell.swift in Sources */,
				03E6D1E52A53219600F4453C /* AppDelegate.swift in Sources */,
				03E6D2602A53322300F4453C /* URLConst.swift in Sources */,
				096756092A61DB5700A1E691 /* ReviewDetailViewController.swift in Sources */,
				096755E82A6070DC00A1E691 /* TeamMemberDataModel.swift in Sources */,
				03B004A92A556C7400E71CA7 /* UIWindow+.swift in Sources */,
				03E6D2442A532C6300F4453C /* Literals.swift in Sources */,
				03E6D2682A53334A00F4453C /* UITextField+.swift in Sources */,
				03E6D26E2A53337600F4453C /* UICollectionView+.swift in Sources */,
				0967560D2A61E08C00A1E691 /* ProjectCalendarView.swift in Sources */,
				03FFD2CE2A5B1A8B00A3B70D /* AppleSDGothicNeoType.swift in Sources */,
				583117A12A5B71920099B517 /* TeamDashboardViewController.swift in Sources */,
				58EDAF952A5DDA04004EF5D3 /* IndivisualCardButtonView.swift in Sources */,
				03E6D23C2A532BC600F4453C /* CustomClass.swift in Sources */,
				03E6D2702A53338200F4453C /* String+.swift in Sources */,
				03E6D2762A5333B100F4453C /* UIButton+.swift in Sources */,
				03E6D1E72A53219600F4453C /* SceneDelegate.swift in Sources */,
				0351AB482A6497C3006B0F4C /* CreateProfileViewController.swift in Sources */,
				03E6D2262A532AAC00F4453C /* BaseView.swift in Sources */,
				03ADF38F2A5E932A002CEDDC /* ProjectCycleCollectionViewCell.swift in Sources */,
				03E6D2282A532AB900F4453C /* BaseViewController.swift in Sources */,
				096755EA2A60710100A1E691 /* MyProjectDataModel.swift in Sources */,
				9B1CA9782A62ADFD00CB81AC /* ReviewDetailEmptyView.swift in Sources */,
				0967560F2A61E73700A1E691 /* ReviewDetailView.swift in Sources */,
				096755CB2A5E9AF500A1E691 /* MyProjectTableViewCell.swift in Sources */,
				03E6D25A2A5331ED00F4453C /* APIConst.swift in Sources */,
				03ADF3892A5E7322002CEDDC /* StartDayView.swift in Sources */,
				03ADF38D2A5E8A5F002CEDDC /* CreateProjectView.swift in Sources */,
				09C3AD5C2A65717500CDE00F /* TeamMemberView.swift in Sources */,
				03E6D2642A53330E00F4453C /* NSObject+.swift in Sources */,
				588AA06C2A5E77EF0017CB1E /* ActionPlanView.swift in Sources */,
				0351AB462A645BBF006B0F4C /* InvitationCodeViewController.swift in Sources */,
				03E6D23E2A532C1800F4453C /* FontLevel.swift in Sources */,
				03734EB82A59A0BD00B401D6 /* TabBarController.swift in Sources */,
				03E6D25E2A53321000F4453C /* NetworkLoggerPlugin.swift in Sources */,
				03E6D2622A5332F700F4453C /* Encodable+.swift in Sources */,
				588AA0752A5ECDF10017CB1E /* TeamDashboardModel.swift in Sources */,
				03E6D26A2A53335700F4453C /* UIStackView+.swift in Sources */,
				588AA06F2A5E7F820017CB1E /* ActionPlanCollectionViewCell.swift in Sources */,
				096755C62A5E970500A1E691 /* MyProjectViewController.swift in Sources */,
				0351AB402A630EE6006B0F4C /* UIResponder+.swift in Sources */,
				03FFD2CA2A5B15BA00A3B70D /* UIFont+.swift in Sources */,
				58EDAF932A5DD25D004EF5D3 /* DashboardMainBoxView.swift in Sources */,
				03E6D2072A5326DD00F4453C /* APIService.swift in Sources */,
				03E6D27A2A5333C900F4453C /* UIImage+.swift in Sources */,
				03734EBF2A59A26800B401D6 /* MyPageViewController.swift in Sources */,
				583117A82A5BE1490099B517 /* HomeTitleBarView.swift in Sources */,
				03ADF3922A5E9534002CEDDC /* ProjectCycleModel.swift in Sources */,
				0351AB422A6323A8006B0F4C /* CustomAlertView.swift in Sources */,
				03ADF3872A5D9F91002CEDDC /* InputContentView.swift in Sources */,
				03E6D27C2A5333E400F4453C /* UIViewController+.swift in Sources */,
				03734EBD2A59A1F800B401D6 /* TabBarItem.swift in Sources */,
				58DC6A6D2A61708D0039242C /* TeamRankPodiumView.swift in Sources */,
				588AA0792A5EF4930017CB1E /* HomeMainButton.swift in Sources */,
				251C00D52A5D205300F6838C /* CustomRadioButton.swift in Sources */,
				03E6D2052A5326D400F4453C /* DTO.swift in Sources */,
				0351AB4A2A652F0B006B0F4C /* InvitationCodeTestViewController.swift in Sources */,
				096755E62A60700E00A1E691 /* MyProjectTableHeaderView.swift in Sources */,
				09C3AD5A2A65715C00CDE00F /* TeamMemberTableViewCell.swift in Sources */,
				03E6D26C2A53336900F4453C /* UITableView+.swift in Sources */,
			);
			runOnlyForDeploymentPostprocessing = 0;
		};
/* End PBXSourcesBuildPhase section */

/* Begin PBXVariantGroup section */
		03E6D1EF2A53219800F4453C /* LaunchScreen.storyboard */ = {
			isa = PBXVariantGroup;
			children = (
				03E6D1F02A53219800F4453C /* Base */,
			);
			name = LaunchScreen.storyboard;
			sourceTree = "<group>";
		};
/* End PBXVariantGroup section */

/* Begin XCBuildConfiguration section */
		03E6D1F32A53219800F4453C /* Debug */ = {
			isa = XCBuildConfiguration;
			buildSettings = {
				ALWAYS_SEARCH_USER_PATHS = NO;
				CLANG_ANALYZER_NONNULL = YES;
				CLANG_ANALYZER_NUMBER_OBJECT_CONVERSION = YES_AGGRESSIVE;
				CLANG_CXX_LANGUAGE_STANDARD = "gnu++20";
				CLANG_ENABLE_MODULES = YES;
				CLANG_ENABLE_OBJC_ARC = YES;
				CLANG_ENABLE_OBJC_WEAK = YES;
				CLANG_WARN_BLOCK_CAPTURE_AUTORELEASING = YES;
				CLANG_WARN_BOOL_CONVERSION = YES;
				CLANG_WARN_COMMA = YES;
				CLANG_WARN_CONSTANT_CONVERSION = YES;
				CLANG_WARN_DEPRECATED_OBJC_IMPLEMENTATIONS = YES;
				CLANG_WARN_DIRECT_OBJC_ISA_USAGE = YES_ERROR;
				CLANG_WARN_DOCUMENTATION_COMMENTS = YES;
				CLANG_WARN_EMPTY_BODY = YES;
				CLANG_WARN_ENUM_CONVERSION = YES;
				CLANG_WARN_INFINITE_RECURSION = YES;
				CLANG_WARN_INT_CONVERSION = YES;
				CLANG_WARN_NON_LITERAL_NULL_CONVERSION = YES;
				CLANG_WARN_OBJC_IMPLICIT_RETAIN_SELF = YES;
				CLANG_WARN_OBJC_LITERAL_CONVERSION = YES;
				CLANG_WARN_OBJC_ROOT_CLASS = YES_ERROR;
				CLANG_WARN_QUOTED_INCLUDE_IN_FRAMEWORK_HEADER = YES;
				CLANG_WARN_RANGE_LOOP_ANALYSIS = YES;
				CLANG_WARN_STRICT_PROTOTYPES = YES;
				CLANG_WARN_SUSPICIOUS_MOVE = YES;
				CLANG_WARN_UNGUARDED_AVAILABILITY = YES_AGGRESSIVE;
				CLANG_WARN_UNREACHABLE_CODE = YES;
				CLANG_WARN__DUPLICATE_METHOD_MATCH = YES;
				COPY_PHASE_STRIP = NO;
				DEBUG_INFORMATION_FORMAT = dwarf;
				ENABLE_STRICT_OBJC_MSGSEND = YES;
				ENABLE_TESTABILITY = YES;
				GCC_C_LANGUAGE_STANDARD = gnu11;
				GCC_DYNAMIC_NO_PIC = NO;
				GCC_NO_COMMON_BLOCKS = YES;
				GCC_OPTIMIZATION_LEVEL = 0;
				GCC_PREPROCESSOR_DEFINITIONS = (
					"DEBUG=1",
					"$(inherited)",
				);
				GCC_WARN_64_TO_32_BIT_CONVERSION = YES;
				GCC_WARN_ABOUT_RETURN_TYPE = YES_ERROR;
				GCC_WARN_UNDECLARED_SELECTOR = YES;
				GCC_WARN_UNINITIALIZED_AUTOS = YES_AGGRESSIVE;
				GCC_WARN_UNUSED_FUNCTION = YES;
				GCC_WARN_UNUSED_VARIABLE = YES;
				IPHONEOS_DEPLOYMENT_TARGET = 16.0;
				MTL_ENABLE_DEBUG_INFO = INCLUDE_SOURCE;
				MTL_FAST_MATH = YES;
				ONLY_ACTIVE_ARCH = YES;
				SDKROOT = iphoneos;
				SWIFT_ACTIVE_COMPILATION_CONDITIONS = DEBUG;
				SWIFT_OPTIMIZATION_LEVEL = "-Onone";
			};
			name = Debug;
		};
		03E6D1F42A53219800F4453C /* Release */ = {
			isa = XCBuildConfiguration;
			buildSettings = {
				ALWAYS_SEARCH_USER_PATHS = NO;
				CLANG_ANALYZER_NONNULL = YES;
				CLANG_ANALYZER_NUMBER_OBJECT_CONVERSION = YES_AGGRESSIVE;
				CLANG_CXX_LANGUAGE_STANDARD = "gnu++20";
				CLANG_ENABLE_MODULES = YES;
				CLANG_ENABLE_OBJC_ARC = YES;
				CLANG_ENABLE_OBJC_WEAK = YES;
				CLANG_WARN_BLOCK_CAPTURE_AUTORELEASING = YES;
				CLANG_WARN_BOOL_CONVERSION = YES;
				CLANG_WARN_COMMA = YES;
				CLANG_WARN_CONSTANT_CONVERSION = YES;
				CLANG_WARN_DEPRECATED_OBJC_IMPLEMENTATIONS = YES;
				CLANG_WARN_DIRECT_OBJC_ISA_USAGE = YES_ERROR;
				CLANG_WARN_DOCUMENTATION_COMMENTS = YES;
				CLANG_WARN_EMPTY_BODY = YES;
				CLANG_WARN_ENUM_CONVERSION = YES;
				CLANG_WARN_INFINITE_RECURSION = YES;
				CLANG_WARN_INT_CONVERSION = YES;
				CLANG_WARN_NON_LITERAL_NULL_CONVERSION = YES;
				CLANG_WARN_OBJC_IMPLICIT_RETAIN_SELF = YES;
				CLANG_WARN_OBJC_LITERAL_CONVERSION = YES;
				CLANG_WARN_OBJC_ROOT_CLASS = YES_ERROR;
				CLANG_WARN_QUOTED_INCLUDE_IN_FRAMEWORK_HEADER = YES;
				CLANG_WARN_RANGE_LOOP_ANALYSIS = YES;
				CLANG_WARN_STRICT_PROTOTYPES = YES;
				CLANG_WARN_SUSPICIOUS_MOVE = YES;
				CLANG_WARN_UNGUARDED_AVAILABILITY = YES_AGGRESSIVE;
				CLANG_WARN_UNREACHABLE_CODE = YES;
				CLANG_WARN__DUPLICATE_METHOD_MATCH = YES;
				COPY_PHASE_STRIP = NO;
				DEBUG_INFORMATION_FORMAT = "dwarf-with-dsym";
				ENABLE_NS_ASSERTIONS = NO;
				ENABLE_STRICT_OBJC_MSGSEND = YES;
				GCC_C_LANGUAGE_STANDARD = gnu11;
				GCC_NO_COMMON_BLOCKS = YES;
				GCC_WARN_64_TO_32_BIT_CONVERSION = YES;
				GCC_WARN_ABOUT_RETURN_TYPE = YES_ERROR;
				GCC_WARN_UNDECLARED_SELECTOR = YES;
				GCC_WARN_UNINITIALIZED_AUTOS = YES_AGGRESSIVE;
				GCC_WARN_UNUSED_FUNCTION = YES;
				GCC_WARN_UNUSED_VARIABLE = YES;
				IPHONEOS_DEPLOYMENT_TARGET = 16.0;
				MTL_ENABLE_DEBUG_INFO = NO;
				MTL_FAST_MATH = YES;
				SDKROOT = iphoneos;
				SWIFT_COMPILATION_MODE = wholemodule;
				SWIFT_OPTIMIZATION_LEVEL = "-O";
				VALIDATE_PRODUCT = YES;
			};
			name = Release;
		};
		03E6D1F62A53219800F4453C /* Debug */ = {
			isa = XCBuildConfiguration;
			buildSettings = {
				ASSETCATALOG_COMPILER_APPICON_NAME = AppIcon;
				ASSETCATALOG_COMPILER_GLOBAL_ACCENT_COLOR_NAME = AccentColor;
				CODE_SIGN_IDENTITY = "Apple Development";
				CODE_SIGN_STYLE = Automatic;
				CURRENT_PROJECT_VERSION = 1;
				DEVELOPMENT_TEAM = KKFK367WP8;
				GENERATE_INFOPLIST_FILE = YES;
				INFOPLIST_FILE = Puzzling/Application/Info.plist;
				INFOPLIST_KEY_UIApplicationSupportsIndirectInputEvents = YES;
				INFOPLIST_KEY_UILaunchStoryboardName = "";
				INFOPLIST_KEY_UIStatusBarStyle = "";
				INFOPLIST_KEY_UISupportedInterfaceOrientations = UIInterfaceOrientationPortrait;
				INFOPLIST_KEY_UISupportedInterfaceOrientations_iPad = "UIInterfaceOrientationLandscapeLeft UIInterfaceOrientationLandscapeRight UIInterfaceOrientationPortrait UIInterfaceOrientationPortraitUpsideDown";
				IPHONEOS_DEPLOYMENT_TARGET = 16.0;
				LD_RUNPATH_SEARCH_PATHS = (
					"$(inherited)",
					"@executable_path/Frameworks",
				);
				MARKETING_VERSION = 1.0;
				PRODUCT_BUNDLE_IDENTIFIER = Puzzling.ios;
				PRODUCT_NAME = "$(TARGET_NAME)";
				PROVISIONING_PROFILE_SPECIFIER = "";
				SUPPORTED_PLATFORMS = "iphoneos iphonesimulator";
				SUPPORTS_MACCATALYST = NO;
				SUPPORTS_MAC_DESIGNED_FOR_IPHONE_IPAD = NO;
				SWIFT_EMIT_LOC_STRINGS = YES;
				SWIFT_VERSION = 5.0;
				TARGETED_DEVICE_FAMILY = 1;
			};
			name = Debug;
		};
		03E6D1F72A53219800F4453C /* Release */ = {
			isa = XCBuildConfiguration;
			buildSettings = {
				ASSETCATALOG_COMPILER_APPICON_NAME = AppIcon;
				ASSETCATALOG_COMPILER_GLOBAL_ACCENT_COLOR_NAME = AccentColor;
				CODE_SIGN_IDENTITY = "Apple Development";
				CODE_SIGN_STYLE = Automatic;
				CURRENT_PROJECT_VERSION = 1;
				DEVELOPMENT_TEAM = KKFK367WP8;
				GENERATE_INFOPLIST_FILE = YES;
				INFOPLIST_FILE = Puzzling/Application/Info.plist;
				INFOPLIST_KEY_UIApplicationSupportsIndirectInputEvents = YES;
				INFOPLIST_KEY_UILaunchStoryboardName = "";
				INFOPLIST_KEY_UIStatusBarStyle = "";
				INFOPLIST_KEY_UISupportedInterfaceOrientations = UIInterfaceOrientationPortrait;
				INFOPLIST_KEY_UISupportedInterfaceOrientations_iPad = "UIInterfaceOrientationLandscapeLeft UIInterfaceOrientationLandscapeRight UIInterfaceOrientationPortrait UIInterfaceOrientationPortraitUpsideDown";
				IPHONEOS_DEPLOYMENT_TARGET = 16.0;
				LD_RUNPATH_SEARCH_PATHS = (
					"$(inherited)",
					"@executable_path/Frameworks",
				);
				MARKETING_VERSION = 1.0;
				PRODUCT_BUNDLE_IDENTIFIER = Puzzling.ios;
				PRODUCT_NAME = "$(TARGET_NAME)";
				PROVISIONING_PROFILE_SPECIFIER = "";
				SUPPORTED_PLATFORMS = "iphoneos iphonesimulator";
				SUPPORTS_MACCATALYST = NO;
				SUPPORTS_MAC_DESIGNED_FOR_IPHONE_IPAD = NO;
				SWIFT_EMIT_LOC_STRINGS = YES;
				SWIFT_VERSION = 5.0;
				TARGETED_DEVICE_FAMILY = 1;
			};
			name = Release;
		};
/* End XCBuildConfiguration section */

/* Begin XCConfigurationList section */
		03E6D1DC2A53219600F4453C /* Build configuration list for PBXProject "Puzzling" */ = {
			isa = XCConfigurationList;
			buildConfigurations = (
				03E6D1F32A53219800F4453C /* Debug */,
				03E6D1F42A53219800F4453C /* Release */,
			);
			defaultConfigurationIsVisible = 0;
			defaultConfigurationName = Release;
		};
		03E6D1F52A53219800F4453C /* Build configuration list for PBXNativeTarget "Puzzling" */ = {
			isa = XCConfigurationList;
			buildConfigurations = (
				03E6D1F62A53219800F4453C /* Debug */,
				03E6D1F72A53219800F4453C /* Release */,
			);
			defaultConfigurationIsVisible = 0;
			defaultConfigurationName = Release;
		};
/* End XCConfigurationList section */

/* Begin XCRemoteSwiftPackageReference section */
		03E6D2452A532D5D00F4453C /* XCRemoteSwiftPackageReference "Moya" */ = {
			isa = XCRemoteSwiftPackageReference;
			repositoryURL = "https://github.com/Moya/Moya";
			requirement = {
				kind = upToNextMajorVersion;
				minimumVersion = 15.0.0;
			};
		};
		03E6D2482A532D6B00F4453C /* XCRemoteSwiftPackageReference "Then" */ = {
			isa = XCRemoteSwiftPackageReference;
			repositoryURL = "https://github.com/devxoul/Then";
			requirement = {
				kind = upToNextMajorVersion;
				minimumVersion = 3.0.0;
			};
		};
		03E6D24B2A532D7500F4453C /* XCRemoteSwiftPackageReference "SnapKit" */ = {
			isa = XCRemoteSwiftPackageReference;
			repositoryURL = "https://github.com/SnapKit/SnapKit";
			requirement = {
				kind = upToNextMajorVersion;
				minimumVersion = 5.0.0;
			};
		};
		03E6D24E2A532DC300F4453C /* XCRemoteSwiftPackageReference "FSCalendar" */ = {
			isa = XCRemoteSwiftPackageReference;
			repositoryURL = "https://github.com/WenchaoD/FSCalendar";
			requirement = {
				kind = upToNextMajorVersion;
				minimumVersion = 2.0.0;
			};
		};
		03E6D2512A532FD300F4453C /* XCRemoteSwiftPackageReference "realm-swift" */ = {
			isa = XCRemoteSwiftPackageReference;
			repositoryURL = "https://github.com/realm/realm-swift";
			requirement = {
				branch = master;
				kind = branch;
			};
		};
		03E6D2562A53303700F4453C /* XCRemoteSwiftPackageReference "kakao-ios-sdk" */ = {
			isa = XCRemoteSwiftPackageReference;
			repositoryURL = "https://github.com/kakao/kakao-ios-sdk";
			requirement = {
				kind = upToNextMajorVersion;
				minimumVersion = 2.0.0;
			};
		};
/* End XCRemoteSwiftPackageReference section */

/* Begin XCSwiftPackageProductDependency section */
		03E6D2462A532D5D00F4453C /* Moya */ = {
			isa = XCSwiftPackageProductDependency;
			package = 03E6D2452A532D5D00F4453C /* XCRemoteSwiftPackageReference "Moya" */;
			productName = Moya;
		};
		03E6D2492A532D6B00F4453C /* Then */ = {
			isa = XCSwiftPackageProductDependency;
			package = 03E6D2482A532D6B00F4453C /* XCRemoteSwiftPackageReference "Then" */;
			productName = Then;
		};
		03E6D24C2A532D7500F4453C /* SnapKit */ = {
			isa = XCSwiftPackageProductDependency;
			package = 03E6D24B2A532D7500F4453C /* XCRemoteSwiftPackageReference "SnapKit" */;
			productName = SnapKit;
		};
		03E6D24F2A532DC300F4453C /* FSCalendar */ = {
			isa = XCSwiftPackageProductDependency;
			package = 03E6D24E2A532DC300F4453C /* XCRemoteSwiftPackageReference "FSCalendar" */;
			productName = FSCalendar;
		};
		03E6D2522A532FD300F4453C /* Realm */ = {
			isa = XCSwiftPackageProductDependency;
			package = 03E6D2512A532FD300F4453C /* XCRemoteSwiftPackageReference "realm-swift" */;
			productName = Realm;
		};
		03E6D2542A532FD300F4453C /* RealmSwift */ = {
			isa = XCSwiftPackageProductDependency;
			package = 03E6D2512A532FD300F4453C /* XCRemoteSwiftPackageReference "realm-swift" */;
			productName = RealmSwift;
		};
		03E6D2572A53303800F4453C /* KakaoSDK */ = {
			isa = XCSwiftPackageProductDependency;
			package = 03E6D2562A53303700F4453C /* XCRemoteSwiftPackageReference "kakao-ios-sdk" */;
			productName = KakaoSDK;
		};
/* End XCSwiftPackageProductDependency section */
	};
	rootObject = 03E6D1D92A53219600F4453C /* Project object */;
}
